// !$*UTF8*$!
{
	archiveVersion = 1;
	classes = {
	};
	objectVersion = 50;
	objects = {

/* Begin PBXBuildFile section */
		39C841C4A25E2E2F9E336808 /* Pods_SimpleTabUITests.framework in Frameworks */ = {isa = PBXBuildFile; fileRef = CAE8795EB8080EF69943C3AD /* Pods_SimpleTabUITests.framework */; };
		74796C5F2253F4FF00A12AD4 /* SettingsViewController.swift in Sources */ = {isa = PBXBuildFile; fileRef = 74796C5E2253F4FF00A12AD4 /* SettingsViewController.swift */; };
		7C7E56C52242AA0200051F83 /* MuseTabBarController.swift in Sources */ = {isa = PBXBuildFile; fileRef = 7C7E56C42242AA0200051F83 /* MuseTabBarController.swift */; };
		7C83FC7622387E15002AFCED /* Dshtreble-2-1.png in Resources */ = {isa = PBXBuildFile; fileRef = 7C83FC6722387E12002AFCED /* Dshtreble-2-1.png */; };
		7C83FC7722387E15002AFCED /* Dshtreble-1-1.png in Resources */ = {isa = PBXBuildFile; fileRef = 7C83FC6822387E12002AFCED /* Dshtreble-1-1.png */; };
		7C83FC7822387E15002AFCED /* Bfltreble-1-1.png in Resources */ = {isa = PBXBuildFile; fileRef = 7C83FC6922387E13002AFCED /* Bfltreble-1-1.png */; };
		7C83FC7922387E15002AFCED /* Gfltreble-1-1.png in Resources */ = {isa = PBXBuildFile; fileRef = 7C83FC6A22387E13002AFCED /* Gfltreble-1-1.png */; };
		7C83FC7A22387E15002AFCED /* Efltreble-2-1.png in Resources */ = {isa = PBXBuildFile; fileRef = 7C83FC6B22387E13002AFCED /* Efltreble-2-1.png */; };
		7C83FC7B22387E15002AFCED /* Cshtreble-2-1.png in Resources */ = {isa = PBXBuildFile; fileRef = 7C83FC6C22387E13002AFCED /* Cshtreble-2-1.png */; };
		7C83FC7C22387E15002AFCED /* Dfltreble-1-1.png in Resources */ = {isa = PBXBuildFile; fileRef = 7C83FC6D22387E14002AFCED /* Dfltreble-1-1.png */; };
		7C83FC7D22387E15002AFCED /* Gshtreble-1-1.png in Resources */ = {isa = PBXBuildFile; fileRef = 7C83FC6E22387E14002AFCED /* Gshtreble-1-1.png */; };
		7C83FC7E22387E15002AFCED /* Fshtreble-1-1.png in Resources */ = {isa = PBXBuildFile; fileRef = 7C83FC6F22387E14002AFCED /* Fshtreble-1-1.png */; };
		7C83FC7F22387E15002AFCED /* Fshtreble-2-1.png in Resources */ = {isa = PBXBuildFile; fileRef = 7C83FC7022387E14002AFCED /* Fshtreble-2-1.png */; };
		7C83FC8022387E15002AFCED /* Efltreble-1-1.png in Resources */ = {isa = PBXBuildFile; fileRef = 7C83FC7122387E14002AFCED /* Efltreble-1-1.png */; };
		7C83FC8122387E15002AFCED /* Dfltreble-2-1.png in Resources */ = {isa = PBXBuildFile; fileRef = 7C83FC7222387E14002AFCED /* Dfltreble-2-1.png */; };
		7C83FC8222387E15002AFCED /* Gfltreble-2-1.png in Resources */ = {isa = PBXBuildFile; fileRef = 7C83FC7322387E15002AFCED /* Gfltreble-2-1.png */; };
		7C83FC8322387E15002AFCED /* Afltreble-1-1.png in Resources */ = {isa = PBXBuildFile; fileRef = 7C83FC7422387E15002AFCED /* Afltreble-1-1.png */; };
		7C83FC8422387E15002AFCED /* Ashtreble-1-1.png in Resources */ = {isa = PBXBuildFile; fileRef = 7C83FC7522387E15002AFCED /* Ashtreble-1-1.png */; };
		7C83FC8622387EA7002AFCED /* Cshtreble-1-1.png in Resources */ = {isa = PBXBuildFile; fileRef = 7C83FC8522387EA7002AFCED /* Cshtreble-1-1.png */; };
		7C83FC982238802A002AFCED /* Ashbass2-1.png in Resources */ = {isa = PBXBuildFile; fileRef = 7C83FC8722388027002AFCED /* Ashbass2-1.png */; };
		7C83FC992238802A002AFCED /* Gshbass1-1.png in Resources */ = {isa = PBXBuildFile; fileRef = 7C83FC8822388028002AFCED /* Gshbass1-1.png */; };
		7C83FC9A2238802A002AFCED /* Gshbass2-1.png in Resources */ = {isa = PBXBuildFile; fileRef = 7C83FC8922388028002AFCED /* Gshbass2-1.png */; };
		7C83FC9B2238802A002AFCED /* Bflbass1-1.png in Resources */ = {isa = PBXBuildFile; fileRef = 7C83FC8A22388028002AFCED /* Bflbass1-1.png */; };
		7C83FC9C2238802A002AFCED /* Gflbass2-1.png in Resources */ = {isa = PBXBuildFile; fileRef = 7C83FC8B22388028002AFCED /* Gflbass2-1.png */; };
		7C83FC9D2238802A002AFCED /* Eflbass2-1.png in Resources */ = {isa = PBXBuildFile; fileRef = 7C83FC8C22388029002AFCED /* Eflbass2-1.png */; };
		7C83FC9E2238802A002AFCED /* Fshbass1-1.png in Resources */ = {isa = PBXBuildFile; fileRef = 7C83FC8D22388029002AFCED /* Fshbass1-1.png */; };
		7C83FC9F2238802A002AFCED /* Dflbass1-1.png in Resources */ = {isa = PBXBuildFile; fileRef = 7C83FC8E22388029002AFCED /* Dflbass1-1.png */; };
		7C83FCA02238802A002AFCED /* Aflbass1-1.png in Resources */ = {isa = PBXBuildFile; fileRef = 7C83FC8F22388029002AFCED /* Aflbass1-1.png */; };
		7C83FCA12238802A002AFCED /* Fshbass2-1.png in Resources */ = {isa = PBXBuildFile; fileRef = 7C83FC9022388029002AFCED /* Fshbass2-1.png */; };
		7C83FCA22238802A002AFCED /* Ashbass1-1.png in Resources */ = {isa = PBXBuildFile; fileRef = 7C83FC9122388029002AFCED /* Ashbass1-1.png */; };
		7C83FCA32238802A002AFCED /* Gflbass1-1.png in Resources */ = {isa = PBXBuildFile; fileRef = 7C83FC922238802A002AFCED /* Gflbass1-1.png */; };
		7C83FCA42238802A002AFCED /* Dshbass1-1.png in Resources */ = {isa = PBXBuildFile; fileRef = 7C83FC932238802A002AFCED /* Dshbass1-1.png */; };
		7C83FCA52238802A002AFCED /* Aflbass2-1.png in Resources */ = {isa = PBXBuildFile; fileRef = 7C83FC942238802A002AFCED /* Aflbass2-1.png */; };
		7C83FCA62238802A002AFCED /* Bflbass2-1.png in Resources */ = {isa = PBXBuildFile; fileRef = 7C83FC952238802A002AFCED /* Bflbass2-1.png */; };
		7C83FCA72238802A002AFCED /* Cshbass1-1.png in Resources */ = {isa = PBXBuildFile; fileRef = 7C83FC962238802A002AFCED /* Cshbass1-1.png */; };
		7C83FCA82238802A002AFCED /* Eflbass1-1.png in Resources */ = {isa = PBXBuildFile; fileRef = 7C83FC972238802A002AFCED /* Eflbass1-1.png */; };
		7CDBA71F2215112400798814 /* AppDelegate.swift in Sources */ = {isa = PBXBuildFile; fileRef = 7CDBA71E2215112400798814 /* AppDelegate.swift */; };
		7CDBA7212215112400798814 /* TunerViewController.swift in Sources */ = {isa = PBXBuildFile; fileRef = 7CDBA7202215112400798814 /* TunerViewController.swift */; };
		7CDBA7262215112400798814 /* Main.storyboard in Resources */ = {isa = PBXBuildFile; fileRef = 7CDBA7242215112400798814 /* Main.storyboard */; };
		7CDBA7282215112700798814 /* Assets.xcassets in Resources */ = {isa = PBXBuildFile; fileRef = 7CDBA7272215112700798814 /* Assets.xcassets */; };
		7CDBA72B2215112700798814 /* LaunchScreen.storyboard in Resources */ = {isa = PBXBuildFile; fileRef = 7CDBA7292215112700798814 /* LaunchScreen.storyboard */; };
		7CDBA7362215112700798814 /* SimpleTabUITests.swift in Sources */ = {isa = PBXBuildFile; fileRef = 7CDBA7352215112700798814 /* SimpleTabUITests.swift */; };
		7CDBA7412215112700798814 /* SimpleTabUIUITests.swift in Sources */ = {isa = PBXBuildFile; fileRef = 7CDBA7402215112700798814 /* SimpleTabUIUITests.swift */; };
		7F088E5A222DCB37009B4592 /* StaffNote.swift in Sources */ = {isa = PBXBuildFile; fileRef = 7F088E59222DCB37009B4592 /* StaffNote.swift */; };
		7F088E5C222DCB83009B4592 /* StaffView.swift in Sources */ = {isa = PBXBuildFile; fileRef = 7F088E5B222DCB83009B4592 /* StaffView.swift */; };
		7F088E5F222DCBA9009B4592 /* EarTrainViewController.swift in Sources */ = {isa = PBXBuildFile; fileRef = 7F088E5D222DCBA9009B4592 /* EarTrainViewController.swift */; };
		7F088E60222DCBA9009B4592 /* SheetReadViewController.swift in Sources */ = {isa = PBXBuildFile; fileRef = 7F088E5E222DCBA9009B4592 /* SheetReadViewController.swift */; };
		7F088E87222DCC48009B4592 /* Gtreble-1-1.png in Resources */ = {isa = PBXBuildFile; fileRef = 7F088E63222DCC47009B4592 /* Gtreble-1-1.png */; };
		7F088E88222DCC48009B4592 /* Ctreble-1-1.png in Resources */ = {isa = PBXBuildFile; fileRef = 7F088E64222DCC47009B4592 /* Ctreble-1-1.png */; };
		7F088E89222DCC48009B4592 /* Dtreble-1-1.png in Resources */ = {isa = PBXBuildFile; fileRef = 7F088E65222DCC47009B4592 /* Dtreble-1-1.png */; };
		7F088E8A222DCC48009B4592 /* Ctreble-2-1.png in Resources */ = {isa = PBXBuildFile; fileRef = 7F088E66222DCC47009B4592 /* Ctreble-2-1.png */; };
		7F088E8B222DCC48009B4592 /* Gtreble-2-1.png in Resources */ = {isa = PBXBuildFile; fileRef = 7F088E67222DCC47009B4592 /* Gtreble-2-1.png */; };
		7F088E8C222DCC48009B4592 /* Dtreble-2-1.png in Resources */ = {isa = PBXBuildFile; fileRef = 7F088E68222DCC47009B4592 /* Dtreble-2-1.png */; };
		7F088E8D222DCC48009B4592 /* Etreble-2-1.png in Resources */ = {isa = PBXBuildFile; fileRef = 7F088E69222DCC47009B4592 /* Etreble-2-1.png */; };
		7F088E8E222DCC48009B4592 /* Ftreble-2-1.png in Resources */ = {isa = PBXBuildFile; fileRef = 7F088E6A222DCC47009B4592 /* Ftreble-2-1.png */; };
		7F088E8F222DCC48009B4592 /* Atreble-1-1.png in Resources */ = {isa = PBXBuildFile; fileRef = 7F088E6B222DCC47009B4592 /* Atreble-1-1.png */; };
		7F088E90222DCC48009B4592 /* Etreble-1-1.png in Resources */ = {isa = PBXBuildFile; fileRef = 7F088E6C222DCC47009B4592 /* Etreble-1-1.png */; };
		7F088E91222DCC48009B4592 /* Btreble-1-1.png in Resources */ = {isa = PBXBuildFile; fileRef = 7F088E6D222DCC47009B4592 /* Btreble-1-1.png */; };
		7F088E92222DCC48009B4592 /* Ftreble-1-1.png in Resources */ = {isa = PBXBuildFile; fileRef = 7F088E6E222DCC47009B4592 /* Ftreble-1-1.png */; };
		7F088E93222DCC48009B4592 /* Bbass1-1.png in Resources */ = {isa = PBXBuildFile; fileRef = 7F088E70222DCC47009B4592 /* Bbass1-1.png */; };
		7F088E94222DCC48009B4592 /* Ebass2-1.png in Resources */ = {isa = PBXBuildFile; fileRef = 7F088E71222DCC47009B4592 /* Ebass2-1.png */; };
		7F088E95222DCC48009B4592 /* Gbass1-1.png in Resources */ = {isa = PBXBuildFile; fileRef = 7F088E72222DCC47009B4592 /* Gbass1-1.png */; };
		7F088E96222DCC48009B4592 /* Bbass2-1.png in Resources */ = {isa = PBXBuildFile; fileRef = 7F088E73222DCC47009B4592 /* Bbass2-1.png */; };
		7F088E97222DCC48009B4592 /* Gbass2-1.png in Resources */ = {isa = PBXBuildFile; fileRef = 7F088E74222DCC47009B4592 /* Gbass2-1.png */; };
		7F088E98222DCC48009B4592 /* Fbass1-1.png in Resources */ = {isa = PBXBuildFile; fileRef = 7F088E75222DCC47009B4592 /* Fbass1-1.png */; };
		7F088E99222DCC48009B4592 /* Abass2-1.png in Resources */ = {isa = PBXBuildFile; fileRef = 7F088E76222DCC47009B4592 /* Abass2-1.png */; };
		7F088E9A222DCC48009B4592 /* Cbass1-1.png in Resources */ = {isa = PBXBuildFile; fileRef = 7F088E77222DCC47009B4592 /* Cbass1-1.png */; };
		7F088E9B222DCC48009B4592 /* Fbass2-1.png in Resources */ = {isa = PBXBuildFile; fileRef = 7F088E78222DCC47009B4592 /* Fbass2-1.png */; };
		7F088E9C222DCC48009B4592 /* Dbass1-1.png in Resources */ = {isa = PBXBuildFile; fileRef = 7F088E79222DCC47009B4592 /* Dbass1-1.png */; };
		7F088E9D222DCC48009B4592 /* Cbass2-1.png in Resources */ = {isa = PBXBuildFile; fileRef = 7F088E7A222DCC47009B4592 /* Cbass2-1.png */; };
		7F088E9E222DCC48009B4592 /* Abass1-1.png in Resources */ = {isa = PBXBuildFile; fileRef = 7F088E7B222DCC47009B4592 /* Abass1-1.png */; };
		7F088E9F222DCC48009B4592 /* Ebass-1.png in Resources */ = {isa = PBXBuildFile; fileRef = 7F088E7C222DCC47009B4592 /* Ebass-1.png */; };
		7F088EA0222DCC48009B4592 /* C.mp3 in Resources */ = {isa = PBXBuildFile; fileRef = 7F088E7D222DCC47009B4592 /* C.mp3 */; };
		7F088EA1222DCC48009B4592 /* G.mp3 in Resources */ = {isa = PBXBuildFile; fileRef = 7F088E7E222DCC47009B4592 /* G.mp3 */; };
		7F088EA2222DCC48009B4592 /* icons8-checked-30.png in Resources */ = {isa = PBXBuildFile; fileRef = 7F088E7F222DCC47009B4592 /* icons8-checked-30.png */; };
		7F088EA3222DCC48009B4592 /* icons8-cancel-30-2.png in Resources */ = {isa = PBXBuildFile; fileRef = 7F088E80222DCC47009B4592 /* icons8-cancel-30-2.png */; };
		7F088EA4222DCC48009B4592 /* B.mp3 in Resources */ = {isa = PBXBuildFile; fileRef = 7F088E81222DCC47009B4592 /* B.mp3 */; };
		7F088EA6222DCC48009B4592 /* D.mp3 in Resources */ = {isa = PBXBuildFile; fileRef = 7F088E83222DCC47009B4592 /* D.mp3 */; };
		7F088EA7222DCC48009B4592 /* A.mp3 in Resources */ = {isa = PBXBuildFile; fileRef = 7F088E84222DCC48009B4592 /* A.mp3 */; };
		7F088EA8222DCC48009B4592 /* F.mp3 in Resources */ = {isa = PBXBuildFile; fileRef = 7F088E85222DCC48009B4592 /* F.mp3 */; };
		7F088EA9222DCC48009B4592 /* E.mp3 in Resources */ = {isa = PBXBuildFile; fileRef = 7F088E86222DCC48009B4592 /* E.mp3 */; };
		7F2C21CD22248D4400F3FA02 /* Pitch.swift in Sources */ = {isa = PBXBuildFile; fileRef = 7F2C21CA22248D4300F3FA02 /* Pitch.swift */; };
		7F2C21CE22248D4400F3FA02 /* Note.swift in Sources */ = {isa = PBXBuildFile; fileRef = 7F2C21CB22248D4300F3FA02 /* Note.swift */; };
		7F2C21CF22248D4400F3FA02 /* Tuner.swift in Sources */ = {isa = PBXBuildFile; fileRef = 7F2C21CC22248D4400F3FA02 /* Tuner.swift */; };
		7F2C21D622248DB800F3FA02 /* KnobView.swift in Sources */ = {isa = PBXBuildFile; fileRef = 7F2C21D222248DB800F3FA02 /* KnobView.swift */; };
		7F2C21D722248DB800F3FA02 /* DisplayView.swift in Sources */ = {isa = PBXBuildFile; fileRef = 7F2C21D322248DB800F3FA02 /* DisplayView.swift */; };
		7F2C21D822248DB800F3FA02 /* PlotView.swift in Sources */ = {isa = PBXBuildFile; fileRef = 7F2C21D422248DB800F3FA02 /* PlotView.swift */; };
		A62FBA76DDC2EE5B5F103BD8 /* Pods_MusicUtil.framework in Frameworks */ = {isa = PBXBuildFile; fileRef = 454F556B2197B0363E0D720F /* Pods_MusicUtil.framework */; };
		D0B49A555A175D7DA8ABE5D4 /* Pods_SimpleTabUIUITests.framework in Frameworks */ = {isa = PBXBuildFile; fileRef = 82AF5BFEC73995E65B7466A5 /* Pods_SimpleTabUIUITests.framework */; };
		D2F829B82E4CC350D871C512 /* Pods_MusicUtilTests.framework in Frameworks */ = {isa = PBXBuildFile; fileRef = 2FE02CF700872DF3F20414B9 /* Pods_MusicUtilTests.framework */; };
		E1A7D744750CEC021EE07479 /* Pods_MusicUtilUITests.framework in Frameworks */ = {isa = PBXBuildFile; fileRef = 4D5DC2D8B83FEB0E5426F495 /* Pods_MusicUtilUITests.framework */; };
/* End PBXBuildFile section */

/* Begin PBXContainerItemProxy section */
		7CDBA7322215112700798814 /* PBXContainerItemProxy */ = {
			isa = PBXContainerItemProxy;
			containerPortal = 7CDBA7132215112400798814 /* Project object */;
			proxyType = 1;
			remoteGlobalIDString = 7CDBA71A2215112400798814;
			remoteInfo = SimpleTabUI;
		};
		7CDBA73D2215112700798814 /* PBXContainerItemProxy */ = {
			isa = PBXContainerItemProxy;
			containerPortal = 7CDBA7132215112400798814 /* Project object */;
			proxyType = 1;
			remoteGlobalIDString = 7CDBA71A2215112400798814;
			remoteInfo = SimpleTabUI;
		};
/* End PBXContainerItemProxy section */

/* Begin PBXFileReference section */
		04B778859BB40202E0DEF411 /* Pods-MusicUtil.release.xcconfig */ = {isa = PBXFileReference; includeInIndex = 1; lastKnownFileType = text.xcconfig; name = "Pods-MusicUtil.release.xcconfig"; path = "Target Support Files/Pods-MusicUtil/Pods-MusicUtil.release.xcconfig"; sourceTree = "<group>"; };
		2DEF26E32A67CC416169C0D9 /* Pods-MusicUtilTests.release.xcconfig */ = {isa = PBXFileReference; includeInIndex = 1; lastKnownFileType = text.xcconfig; name = "Pods-MusicUtilTests.release.xcconfig"; path = "Target Support Files/Pods-MusicUtilTests/Pods-MusicUtilTests.release.xcconfig"; sourceTree = "<group>"; };
		2FE02CF700872DF3F20414B9 /* Pods_MusicUtilTests.framework */ = {isa = PBXFileReference; explicitFileType = wrapper.framework; includeInIndex = 0; path = Pods_MusicUtilTests.framework; sourceTree = BUILT_PRODUCTS_DIR; };
		454F556B2197B0363E0D720F /* Pods_MusicUtil.framework */ = {isa = PBXFileReference; explicitFileType = wrapper.framework; includeInIndex = 0; path = Pods_MusicUtil.framework; sourceTree = BUILT_PRODUCTS_DIR; };
		46D28EF5A744D0CBF908C1F4 /* Pods_SimpleTabUI.framework */ = {isa = PBXFileReference; explicitFileType = wrapper.framework; includeInIndex = 0; path = Pods_SimpleTabUI.framework; sourceTree = BUILT_PRODUCTS_DIR; };
		4D5DC2D8B83FEB0E5426F495 /* Pods_MusicUtilUITests.framework */ = {isa = PBXFileReference; explicitFileType = wrapper.framework; includeInIndex = 0; path = Pods_MusicUtilUITests.framework; sourceTree = BUILT_PRODUCTS_DIR; };
		51F30D3050CFD87C069E5904 /* Pods-SimpleTabUIUITests.debug.xcconfig */ = {isa = PBXFileReference; includeInIndex = 1; lastKnownFileType = text.xcconfig; name = "Pods-SimpleTabUIUITests.debug.xcconfig"; path = "Target Support Files/Pods-SimpleTabUIUITests/Pods-SimpleTabUIUITests.debug.xcconfig"; sourceTree = "<group>"; };
		6BE2C201F6AE59AA706EDBCC /* Pods-MusicUtilUITests.release.xcconfig */ = {isa = PBXFileReference; includeInIndex = 1; lastKnownFileType = text.xcconfig; name = "Pods-MusicUtilUITests.release.xcconfig"; path = "Target Support Files/Pods-MusicUtilUITests/Pods-MusicUtilUITests.release.xcconfig"; sourceTree = "<group>"; };
		7016B3F8DF96C708D46D128B /* Pods-SimpleTabUI.release.xcconfig */ = {isa = PBXFileReference; includeInIndex = 1; lastKnownFileType = text.xcconfig; name = "Pods-SimpleTabUI.release.xcconfig"; path = "Target Support Files/Pods-SimpleTabUI/Pods-SimpleTabUI.release.xcconfig"; sourceTree = "<group>"; };
		70B353B31C80C1EF8922DFAC /* Pods-SimpleTabUITests.release.xcconfig */ = {isa = PBXFileReference; includeInIndex = 1; lastKnownFileType = text.xcconfig; name = "Pods-SimpleTabUITests.release.xcconfig"; path = "Target Support Files/Pods-SimpleTabUITests/Pods-SimpleTabUITests.release.xcconfig"; sourceTree = "<group>"; };
		74796C5E2253F4FF00A12AD4 /* SettingsViewController.swift */ = {isa = PBXFileReference; lastKnownFileType = sourcecode.swift; path = SettingsViewController.swift; sourceTree = "<group>"; };
		7C7E56C42242AA0200051F83 /* MuseTabBarController.swift */ = {isa = PBXFileReference; lastKnownFileType = sourcecode.swift; path = MuseTabBarController.swift; sourceTree = "<group>"; };
		7C83FC6722387E12002AFCED /* Dshtreble-2-1.png */ = {isa = PBXFileReference; lastKnownFileType = image.png; path = "Dshtreble-2-1.png"; sourceTree = "<group>"; };
		7C83FC6822387E12002AFCED /* Dshtreble-1-1.png */ = {isa = PBXFileReference; lastKnownFileType = image.png; path = "Dshtreble-1-1.png"; sourceTree = "<group>"; };
		7C83FC6922387E13002AFCED /* Bfltreble-1-1.png */ = {isa = PBXFileReference; lastKnownFileType = image.png; path = "Bfltreble-1-1.png"; sourceTree = "<group>"; };
		7C83FC6A22387E13002AFCED /* Gfltreble-1-1.png */ = {isa = PBXFileReference; lastKnownFileType = image.png; path = "Gfltreble-1-1.png"; sourceTree = "<group>"; };
		7C83FC6B22387E13002AFCED /* Efltreble-2-1.png */ = {isa = PBXFileReference; lastKnownFileType = image.png; path = "Efltreble-2-1.png"; sourceTree = "<group>"; };
		7C83FC6C22387E13002AFCED /* Cshtreble-2-1.png */ = {isa = PBXFileReference; lastKnownFileType = image.png; path = "Cshtreble-2-1.png"; sourceTree = "<group>"; };
		7C83FC6D22387E14002AFCED /* Dfltreble-1-1.png */ = {isa = PBXFileReference; lastKnownFileType = image.png; path = "Dfltreble-1-1.png"; sourceTree = "<group>"; };
		7C83FC6E22387E14002AFCED /* Gshtreble-1-1.png */ = {isa = PBXFileReference; lastKnownFileType = image.png; path = "Gshtreble-1-1.png"; sourceTree = "<group>"; };
		7C83FC6F22387E14002AFCED /* Fshtreble-1-1.png */ = {isa = PBXFileReference; lastKnownFileType = image.png; path = "Fshtreble-1-1.png"; sourceTree = "<group>"; };
		7C83FC7022387E14002AFCED /* Fshtreble-2-1.png */ = {isa = PBXFileReference; lastKnownFileType = image.png; path = "Fshtreble-2-1.png"; sourceTree = "<group>"; };
		7C83FC7122387E14002AFCED /* Efltreble-1-1.png */ = {isa = PBXFileReference; lastKnownFileType = image.png; path = "Efltreble-1-1.png"; sourceTree = "<group>"; };
		7C83FC7222387E14002AFCED /* Dfltreble-2-1.png */ = {isa = PBXFileReference; lastKnownFileType = image.png; path = "Dfltreble-2-1.png"; sourceTree = "<group>"; };
		7C83FC7322387E15002AFCED /* Gfltreble-2-1.png */ = {isa = PBXFileReference; lastKnownFileType = image.png; path = "Gfltreble-2-1.png"; sourceTree = "<group>"; };
		7C83FC7422387E15002AFCED /* Afltreble-1-1.png */ = {isa = PBXFileReference; lastKnownFileType = image.png; path = "Afltreble-1-1.png"; sourceTree = "<group>"; };
		7C83FC7522387E15002AFCED /* Ashtreble-1-1.png */ = {isa = PBXFileReference; lastKnownFileType = image.png; path = "Ashtreble-1-1.png"; sourceTree = "<group>"; };
		7C83FC8522387EA7002AFCED /* Cshtreble-1-1.png */ = {isa = PBXFileReference; lastKnownFileType = image.png; path = "Cshtreble-1-1.png"; sourceTree = "<group>"; };
		7C83FC8722388027002AFCED /* Ashbass2-1.png */ = {isa = PBXFileReference; lastKnownFileType = image.png; path = "Ashbass2-1.png"; sourceTree = "<group>"; };
		7C83FC8822388028002AFCED /* Gshbass1-1.png */ = {isa = PBXFileReference; lastKnownFileType = image.png; path = "Gshbass1-1.png"; sourceTree = "<group>"; };
		7C83FC8922388028002AFCED /* Gshbass2-1.png */ = {isa = PBXFileReference; lastKnownFileType = image.png; path = "Gshbass2-1.png"; sourceTree = "<group>"; };
		7C83FC8A22388028002AFCED /* Bflbass1-1.png */ = {isa = PBXFileReference; lastKnownFileType = image.png; path = "Bflbass1-1.png"; sourceTree = "<group>"; };
		7C83FC8B22388028002AFCED /* Gflbass2-1.png */ = {isa = PBXFileReference; lastKnownFileType = image.png; path = "Gflbass2-1.png"; sourceTree = "<group>"; };
		7C83FC8C22388029002AFCED /* Eflbass2-1.png */ = {isa = PBXFileReference; lastKnownFileType = image.png; path = "Eflbass2-1.png"; sourceTree = "<group>"; };
		7C83FC8D22388029002AFCED /* Fshbass1-1.png */ = {isa = PBXFileReference; lastKnownFileType = image.png; path = "Fshbass1-1.png"; sourceTree = "<group>"; };
		7C83FC8E22388029002AFCED /* Dflbass1-1.png */ = {isa = PBXFileReference; lastKnownFileType = image.png; path = "Dflbass1-1.png"; sourceTree = "<group>"; };
		7C83FC8F22388029002AFCED /* Aflbass1-1.png */ = {isa = PBXFileReference; lastKnownFileType = image.png; path = "Aflbass1-1.png"; sourceTree = "<group>"; };
		7C83FC9022388029002AFCED /* Fshbass2-1.png */ = {isa = PBXFileReference; lastKnownFileType = image.png; path = "Fshbass2-1.png"; sourceTree = "<group>"; };
		7C83FC9122388029002AFCED /* Ashbass1-1.png */ = {isa = PBXFileReference; lastKnownFileType = image.png; path = "Ashbass1-1.png"; sourceTree = "<group>"; };
		7C83FC922238802A002AFCED /* Gflbass1-1.png */ = {isa = PBXFileReference; lastKnownFileType = image.png; path = "Gflbass1-1.png"; sourceTree = "<group>"; };
		7C83FC932238802A002AFCED /* Dshbass1-1.png */ = {isa = PBXFileReference; lastKnownFileType = image.png; path = "Dshbass1-1.png"; sourceTree = "<group>"; };
		7C83FC942238802A002AFCED /* Aflbass2-1.png */ = {isa = PBXFileReference; lastKnownFileType = image.png; path = "Aflbass2-1.png"; sourceTree = "<group>"; };
		7C83FC952238802A002AFCED /* Bflbass2-1.png */ = {isa = PBXFileReference; lastKnownFileType = image.png; path = "Bflbass2-1.png"; sourceTree = "<group>"; };
		7C83FC962238802A002AFCED /* Cshbass1-1.png */ = {isa = PBXFileReference; lastKnownFileType = image.png; path = "Cshbass1-1.png"; sourceTree = "<group>"; };
		7C83FC972238802A002AFCED /* Eflbass1-1.png */ = {isa = PBXFileReference; lastKnownFileType = image.png; path = "Eflbass1-1.png"; sourceTree = "<group>"; };
		7CDBA71B2215112400798814 /* MusicUtil.app */ = {isa = PBXFileReference; explicitFileType = wrapper.application; includeInIndex = 0; path = MusicUtil.app; sourceTree = BUILT_PRODUCTS_DIR; };
		7CDBA71E2215112400798814 /* AppDelegate.swift */ = {isa = PBXFileReference; lastKnownFileType = sourcecode.swift; path = AppDelegate.swift; sourceTree = "<group>"; };
		7CDBA7202215112400798814 /* TunerViewController.swift */ = {isa = PBXFileReference; lastKnownFileType = sourcecode.swift; path = TunerViewController.swift; sourceTree = "<group>"; };
		7CDBA7252215112400798814 /* Base */ = {isa = PBXFileReference; lastKnownFileType = file.storyboard; name = Base; path = Base.lproj/Main.storyboard; sourceTree = "<group>"; };
		7CDBA7272215112700798814 /* Assets.xcassets */ = {isa = PBXFileReference; lastKnownFileType = folder.assetcatalog; path = Assets.xcassets; sourceTree = "<group>"; };
		7CDBA72A2215112700798814 /* Base */ = {isa = PBXFileReference; lastKnownFileType = file.storyboard; name = Base; path = Base.lproj/LaunchScreen.storyboard; sourceTree = "<group>"; };
		7CDBA72C2215112700798814 /* Info.plist */ = {isa = PBXFileReference; lastKnownFileType = text.plist.xml; path = Info.plist; sourceTree = "<group>"; };
		7CDBA7312215112700798814 /* MusicUtilTests.xctest */ = {isa = PBXFileReference; explicitFileType = wrapper.cfbundle; includeInIndex = 0; path = MusicUtilTests.xctest; sourceTree = BUILT_PRODUCTS_DIR; };
		7CDBA7352215112700798814 /* SimpleTabUITests.swift */ = {isa = PBXFileReference; lastKnownFileType = sourcecode.swift; path = SimpleTabUITests.swift; sourceTree = "<group>"; };
		7CDBA7372215112700798814 /* Info.plist */ = {isa = PBXFileReference; lastKnownFileType = text.plist.xml; path = Info.plist; sourceTree = "<group>"; };
		7CDBA73C2215112700798814 /* MusicUtilUITests.xctest */ = {isa = PBXFileReference; explicitFileType = wrapper.cfbundle; includeInIndex = 0; path = MusicUtilUITests.xctest; sourceTree = BUILT_PRODUCTS_DIR; };
		7CDBA7402215112700798814 /* SimpleTabUIUITests.swift */ = {isa = PBXFileReference; lastKnownFileType = sourcecode.swift; path = SimpleTabUIUITests.swift; sourceTree = "<group>"; };
		7CDBA7422215112700798814 /* Info.plist */ = {isa = PBXFileReference; lastKnownFileType = text.plist.xml; path = Info.plist; sourceTree = "<group>"; };
		7F088E59222DCB37009B4592 /* StaffNote.swift */ = {isa = PBXFileReference; fileEncoding = 4; lastKnownFileType = sourcecode.swift; path = StaffNote.swift; sourceTree = "<group>"; };
		7F088E5B222DCB83009B4592 /* StaffView.swift */ = {isa = PBXFileReference; fileEncoding = 4; lastKnownFileType = sourcecode.swift; path = StaffView.swift; sourceTree = "<group>"; };
		7F088E5D222DCBA9009B4592 /* EarTrainViewController.swift */ = {isa = PBXFileReference; fileEncoding = 4; lastKnownFileType = sourcecode.swift; path = EarTrainViewController.swift; sourceTree = "<group>"; };
		7F088E5E222DCBA9009B4592 /* SheetReadViewController.swift */ = {isa = PBXFileReference; fileEncoding = 4; lastKnownFileType = sourcecode.swift; path = SheetReadViewController.swift; sourceTree = "<group>"; };
		7F088E63222DCC47009B4592 /* Gtreble-1-1.png */ = {isa = PBXFileReference; lastKnownFileType = image.png; path = "Gtreble-1-1.png"; sourceTree = "<group>"; };
		7F088E64222DCC47009B4592 /* Ctreble-1-1.png */ = {isa = PBXFileReference; lastKnownFileType = image.png; path = "Ctreble-1-1.png"; sourceTree = "<group>"; };
		7F088E65222DCC47009B4592 /* Dtreble-1-1.png */ = {isa = PBXFileReference; lastKnownFileType = image.png; path = "Dtreble-1-1.png"; sourceTree = "<group>"; };
		7F088E66222DCC47009B4592 /* Ctreble-2-1.png */ = {isa = PBXFileReference; lastKnownFileType = image.png; path = "Ctreble-2-1.png"; sourceTree = "<group>"; };
		7F088E67222DCC47009B4592 /* Gtreble-2-1.png */ = {isa = PBXFileReference; lastKnownFileType = image.png; path = "Gtreble-2-1.png"; sourceTree = "<group>"; };
		7F088E68222DCC47009B4592 /* Dtreble-2-1.png */ = {isa = PBXFileReference; lastKnownFileType = image.png; path = "Dtreble-2-1.png"; sourceTree = "<group>"; };
		7F088E69222DCC47009B4592 /* Etreble-2-1.png */ = {isa = PBXFileReference; lastKnownFileType = image.png; path = "Etreble-2-1.png"; sourceTree = "<group>"; };
		7F088E6A222DCC47009B4592 /* Ftreble-2-1.png */ = {isa = PBXFileReference; lastKnownFileType = image.png; path = "Ftreble-2-1.png"; sourceTree = "<group>"; };
		7F088E6B222DCC47009B4592 /* Atreble-1-1.png */ = {isa = PBXFileReference; lastKnownFileType = image.png; path = "Atreble-1-1.png"; sourceTree = "<group>"; };
		7F088E6C222DCC47009B4592 /* Etreble-1-1.png */ = {isa = PBXFileReference; lastKnownFileType = image.png; path = "Etreble-1-1.png"; sourceTree = "<group>"; };
		7F088E6D222DCC47009B4592 /* Btreble-1-1.png */ = {isa = PBXFileReference; lastKnownFileType = image.png; path = "Btreble-1-1.png"; sourceTree = "<group>"; };
		7F088E6E222DCC47009B4592 /* Ftreble-1-1.png */ = {isa = PBXFileReference; lastKnownFileType = image.png; path = "Ftreble-1-1.png"; sourceTree = "<group>"; };
		7F088E70222DCC47009B4592 /* Bbass1-1.png */ = {isa = PBXFileReference; lastKnownFileType = image.png; path = "Bbass1-1.png"; sourceTree = "<group>"; };
		7F088E71222DCC47009B4592 /* Ebass2-1.png */ = {isa = PBXFileReference; lastKnownFileType = image.png; path = "Ebass2-1.png"; sourceTree = "<group>"; };
		7F088E72222DCC47009B4592 /* Gbass1-1.png */ = {isa = PBXFileReference; lastKnownFileType = image.png; path = "Gbass1-1.png"; sourceTree = "<group>"; };
		7F088E73222DCC47009B4592 /* Bbass2-1.png */ = {isa = PBXFileReference; lastKnownFileType = image.png; path = "Bbass2-1.png"; sourceTree = "<group>"; };
		7F088E74222DCC47009B4592 /* Gbass2-1.png */ = {isa = PBXFileReference; lastKnownFileType = image.png; path = "Gbass2-1.png"; sourceTree = "<group>"; };
		7F088E75222DCC47009B4592 /* Fbass1-1.png */ = {isa = PBXFileReference; lastKnownFileType = image.png; path = "Fbass1-1.png"; sourceTree = "<group>"; };
		7F088E76222DCC47009B4592 /* Abass2-1.png */ = {isa = PBXFileReference; lastKnownFileType = image.png; path = "Abass2-1.png"; sourceTree = "<group>"; };
		7F088E77222DCC47009B4592 /* Cbass1-1.png */ = {isa = PBXFileReference; lastKnownFileType = image.png; path = "Cbass1-1.png"; sourceTree = "<group>"; };
		7F088E78222DCC47009B4592 /* Fbass2-1.png */ = {isa = PBXFileReference; lastKnownFileType = image.png; path = "Fbass2-1.png"; sourceTree = "<group>"; };
		7F088E79222DCC47009B4592 /* Dbass1-1.png */ = {isa = PBXFileReference; lastKnownFileType = image.png; path = "Dbass1-1.png"; sourceTree = "<group>"; };
		7F088E7A222DCC47009B4592 /* Cbass2-1.png */ = {isa = PBXFileReference; lastKnownFileType = image.png; path = "Cbass2-1.png"; sourceTree = "<group>"; };
		7F088E7B222DCC47009B4592 /* Abass1-1.png */ = {isa = PBXFileReference; lastKnownFileType = image.png; path = "Abass1-1.png"; sourceTree = "<group>"; };
		7F088E7C222DCC47009B4592 /* Ebass-1.png */ = {isa = PBXFileReference; lastKnownFileType = image.png; path = "Ebass-1.png"; sourceTree = "<group>"; };
		7F088E7D222DCC47009B4592 /* C.mp3 */ = {isa = PBXFileReference; lastKnownFileType = audio.mp3; path = C.mp3; sourceTree = "<group>"; };
		7F088E7E222DCC47009B4592 /* G.mp3 */ = {isa = PBXFileReference; lastKnownFileType = audio.mp3; path = G.mp3; sourceTree = "<group>"; };
		7F088E7F222DCC47009B4592 /* icons8-checked-30.png */ = {isa = PBXFileReference; lastKnownFileType = image.png; path = "icons8-checked-30.png"; sourceTree = "<group>"; };
		7F088E80222DCC47009B4592 /* icons8-cancel-30-2.png */ = {isa = PBXFileReference; lastKnownFileType = image.png; path = "icons8-cancel-30-2.png"; sourceTree = "<group>"; };
		7F088E81222DCC47009B4592 /* B.mp3 */ = {isa = PBXFileReference; lastKnownFileType = audio.mp3; path = B.mp3; sourceTree = "<group>"; };
		7F088E83222DCC47009B4592 /* D.mp3 */ = {isa = PBXFileReference; lastKnownFileType = audio.mp3; path = D.mp3; sourceTree = "<group>"; };
		7F088E84222DCC48009B4592 /* A.mp3 */ = {isa = PBXFileReference; lastKnownFileType = audio.mp3; path = A.mp3; sourceTree = "<group>"; };
		7F088E85222DCC48009B4592 /* F.mp3 */ = {isa = PBXFileReference; lastKnownFileType = audio.mp3; path = F.mp3; sourceTree = "<group>"; };
		7F088E86222DCC48009B4592 /* E.mp3 */ = {isa = PBXFileReference; lastKnownFileType = audio.mp3; path = E.mp3; sourceTree = "<group>"; };
		7F2C21CA22248D4300F3FA02 /* Pitch.swift */ = {isa = PBXFileReference; fileEncoding = 4; lastKnownFileType = sourcecode.swift; path = Pitch.swift; sourceTree = "<group>"; };
		7F2C21CB22248D4300F3FA02 /* Note.swift */ = {isa = PBXFileReference; fileEncoding = 4; lastKnownFileType = sourcecode.swift; path = Note.swift; sourceTree = "<group>"; };
		7F2C21CC22248D4400F3FA02 /* Tuner.swift */ = {isa = PBXFileReference; fileEncoding = 4; lastKnownFileType = sourcecode.swift; path = Tuner.swift; sourceTree = "<group>"; };
		7F2C21D222248DB800F3FA02 /* KnobView.swift */ = {isa = PBXFileReference; fileEncoding = 4; lastKnownFileType = sourcecode.swift; path = KnobView.swift; sourceTree = "<group>"; };
		7F2C21D322248DB800F3FA02 /* DisplayView.swift */ = {isa = PBXFileReference; fileEncoding = 4; lastKnownFileType = sourcecode.swift; path = DisplayView.swift; sourceTree = "<group>"; };
		7F2C21D422248DB800F3FA02 /* PlotView.swift */ = {isa = PBXFileReference; fileEncoding = 4; lastKnownFileType = sourcecode.swift; path = PlotView.swift; sourceTree = "<group>"; };
		82AF5BFEC73995E65B7466A5 /* Pods_SimpleTabUIUITests.framework */ = {isa = PBXFileReference; explicitFileType = wrapper.framework; includeInIndex = 0; path = Pods_SimpleTabUIUITests.framework; sourceTree = BUILT_PRODUCTS_DIR; };
		92452D079EC25117FCFC31D4 /* Pods-SimpleTabUI.debug.xcconfig */ = {isa = PBXFileReference; includeInIndex = 1; lastKnownFileType = text.xcconfig; name = "Pods-SimpleTabUI.debug.xcconfig"; path = "Target Support Files/Pods-SimpleTabUI/Pods-SimpleTabUI.debug.xcconfig"; sourceTree = "<group>"; };
		9761738E4C579F1F6F30E154 /* Pods-MusicUtilTests.debug.xcconfig */ = {isa = PBXFileReference; includeInIndex = 1; lastKnownFileType = text.xcconfig; name = "Pods-MusicUtilTests.debug.xcconfig"; path = "Target Support Files/Pods-MusicUtilTests/Pods-MusicUtilTests.debug.xcconfig"; sourceTree = "<group>"; };
		9D7D18D09A906437224EB955 /* Pods-MusicUtilUITests.debug.xcconfig */ = {isa = PBXFileReference; includeInIndex = 1; lastKnownFileType = text.xcconfig; name = "Pods-MusicUtilUITests.debug.xcconfig"; path = "Target Support Files/Pods-MusicUtilUITests/Pods-MusicUtilUITests.debug.xcconfig"; sourceTree = "<group>"; };
		B40FFF549743D513AD5782CB /* Pods-SimpleTabUIUITests.release.xcconfig */ = {isa = PBXFileReference; includeInIndex = 1; lastKnownFileType = text.xcconfig; name = "Pods-SimpleTabUIUITests.release.xcconfig"; path = "Target Support Files/Pods-SimpleTabUIUITests/Pods-SimpleTabUIUITests.release.xcconfig"; sourceTree = "<group>"; };
		C30260D1794B2650214E0C3C /* Pods-MusicUtil.debug.xcconfig */ = {isa = PBXFileReference; includeInIndex = 1; lastKnownFileType = text.xcconfig; name = "Pods-MusicUtil.debug.xcconfig"; path = "Target Support Files/Pods-MusicUtil/Pods-MusicUtil.debug.xcconfig"; sourceTree = "<group>"; };
		CAE8795EB8080EF69943C3AD /* Pods_SimpleTabUITests.framework */ = {isa = PBXFileReference; explicitFileType = wrapper.framework; includeInIndex = 0; path = Pods_SimpleTabUITests.framework; sourceTree = BUILT_PRODUCTS_DIR; };
		F86CE78BC40EFE39CFAAA4AB /* Pods-SimpleTabUITests.debug.xcconfig */ = {isa = PBXFileReference; includeInIndex = 1; lastKnownFileType = text.xcconfig; name = "Pods-SimpleTabUITests.debug.xcconfig"; path = "Target Support Files/Pods-SimpleTabUITests/Pods-SimpleTabUITests.debug.xcconfig"; sourceTree = "<group>"; };
/* End PBXFileReference section */

/* Begin PBXFrameworksBuildPhase section */
		7CDBA7182215112400798814 /* Frameworks */ = {
			isa = PBXFrameworksBuildPhase;
			buildActionMask = 2147483647;
			files = (
				A62FBA76DDC2EE5B5F103BD8 /* Pods_MusicUtil.framework in Frameworks */,
			);
			runOnlyForDeploymentPostprocessing = 0;
		};
		7CDBA72E2215112700798814 /* Frameworks */ = {
			isa = PBXFrameworksBuildPhase;
			buildActionMask = 2147483647;
			files = (
				39C841C4A25E2E2F9E336808 /* Pods_SimpleTabUITests.framework in Frameworks */,
				D2F829B82E4CC350D871C512 /* Pods_MusicUtilTests.framework in Frameworks */,
			);
			runOnlyForDeploymentPostprocessing = 0;
		};
		7CDBA7392215112700798814 /* Frameworks */ = {
			isa = PBXFrameworksBuildPhase;
			buildActionMask = 2147483647;
			files = (
				D0B49A555A175D7DA8ABE5D4 /* Pods_SimpleTabUIUITests.framework in Frameworks */,
				E1A7D744750CEC021EE07479 /* Pods_MusicUtilUITests.framework in Frameworks */,
			);
			runOnlyForDeploymentPostprocessing = 0;
		};
/* End PBXFrameworksBuildPhase section */

/* Begin PBXGroup section */
		1140867BD3A58675CBD024DF /* Frameworks */ = {
			isa = PBXGroup;
			children = (
				46D28EF5A744D0CBF908C1F4 /* Pods_SimpleTabUI.framework */,
				CAE8795EB8080EF69943C3AD /* Pods_SimpleTabUITests.framework */,
				82AF5BFEC73995E65B7466A5 /* Pods_SimpleTabUIUITests.framework */,
				454F556B2197B0363E0D720F /* Pods_MusicUtil.framework */,
				2FE02CF700872DF3F20414B9 /* Pods_MusicUtilTests.framework */,
				4D5DC2D8B83FEB0E5426F495 /* Pods_MusicUtilUITests.framework */,
			);
			name = Frameworks;
			sourceTree = "<group>";
		};
		35F0604E2CD53D171C439E48 /* Pods */ = {
			isa = PBXGroup;
			children = (
				92452D079EC25117FCFC31D4 /* Pods-SimpleTabUI.debug.xcconfig */,
				7016B3F8DF96C708D46D128B /* Pods-SimpleTabUI.release.xcconfig */,
				F86CE78BC40EFE39CFAAA4AB /* Pods-SimpleTabUITests.debug.xcconfig */,
				70B353B31C80C1EF8922DFAC /* Pods-SimpleTabUITests.release.xcconfig */,
				51F30D3050CFD87C069E5904 /* Pods-SimpleTabUIUITests.debug.xcconfig */,
				B40FFF549743D513AD5782CB /* Pods-SimpleTabUIUITests.release.xcconfig */,
				C30260D1794B2650214E0C3C /* Pods-MusicUtil.debug.xcconfig */,
				04B778859BB40202E0DEF411 /* Pods-MusicUtil.release.xcconfig */,
				9761738E4C579F1F6F30E154 /* Pods-MusicUtilTests.debug.xcconfig */,
				2DEF26E32A67CC416169C0D9 /* Pods-MusicUtilTests.release.xcconfig */,
				9D7D18D09A906437224EB955 /* Pods-MusicUtilUITests.debug.xcconfig */,
				6BE2C201F6AE59AA706EDBCC /* Pods-MusicUtilUITests.release.xcconfig */,
			);
			path = Pods;
			sourceTree = "<group>";
		};
		7CDBA7122215112400798814 = {
			isa = PBXGroup;
			children = (
				7F088E84222DCC48009B4592 /* A.mp3 */,
				7F088E81222DCC47009B4592 /* B.mp3 */,
				7F088E7D222DCC47009B4592 /* C.mp3 */,
				7F088E83222DCC47009B4592 /* D.mp3 */,
				7F088E86222DCC48009B4592 /* E.mp3 */,
				7F088E85222DCC48009B4592 /* F.mp3 */,
				7F088E7E222DCC47009B4592 /* G.mp3 */,
				7F088E80222DCC47009B4592 /* icons8-cancel-30-2.png */,
				7F088E7F222DCC47009B4592 /* icons8-checked-30.png */,
				1140867BD3A58675CBD024DF /* Frameworks */,
				35F0604E2CD53D171C439E48 /* Pods */,
				7CDBA71C2215112400798814 /* Products */,
				7CDBA71D2215112400798814 /* SimpleTabUI */,
				7CDBA7342215112700798814 /* SimpleTabUITests */,
				7CDBA73F2215112700798814 /* SimpleTabUIUITests */,
				7F088E61222DCC47009B4592 /* StaffImages */,
			);
			sourceTree = "<group>";
		};
		7CDBA71C2215112400798814 /* Products */ = {
			isa = PBXGroup;
			children = (
				7CDBA71B2215112400798814 /* MusicUtil.app */,
				7CDBA7312215112700798814 /* MusicUtilTests.xctest */,
				7CDBA73C2215112700798814 /* MusicUtilUITests.xctest */,
			);
			name = Products;
			sourceTree = "<group>";
		};
		7CDBA71D2215112400798814 /* SimpleTabUI */ = {
			isa = PBXGroup;
			children = (
				7CDBA72C2215112700798814 /* Info.plist */,
				7CDBA71E2215112400798814 /* AppDelegate.swift */,
				7F088E5D222DCBA9009B4592 /* EarTrainViewController.swift */,
				7F088E5E222DCBA9009B4592 /* SheetReadViewController.swift */,
				7F088E59222DCB37009B4592 /* StaffNote.swift */,
				7F088E5B222DCB83009B4592 /* StaffView.swift */,
				7CDBA7202215112400798814 /* TunerViewController.swift */,
				7CDBA7272215112700798814 /* Assets.xcassets */,
				7CDBA7292215112700798814 /* LaunchScreen.storyboard */,
				7CDBA7242215112400798814 /* Main.storyboard */,
				7C7E56C42242AA0200051F83 /* MuseTabBarController.swift */,
				74796C5E2253F4FF00A12AD4 /* SettingsViewController.swift */,
				7F2C21E2222497B900F3FA02 /* TunerLogic */,
				7F2C21E12224978300F3FA02 /* TunerUI */,
			);
			path = SimpleTabUI;
			sourceTree = "<group>";
		};
		7CDBA7342215112700798814 /* SimpleTabUITests */ = {
			isa = PBXGroup;
			children = (
				7CDBA7352215112700798814 /* SimpleTabUITests.swift */,
				7CDBA7372215112700798814 /* Info.plist */,
			);
			path = SimpleTabUITests;
			sourceTree = "<group>";
		};
		7CDBA73F2215112700798814 /* SimpleTabUIUITests */ = {
			isa = PBXGroup;
			children = (
				7CDBA7402215112700798814 /* SimpleTabUIUITests.swift */,
				7CDBA7422215112700798814 /* Info.plist */,
			);
			path = SimpleTabUIUITests;
			sourceTree = "<group>";
		};
		7F088E61222DCC47009B4592 /* StaffImages */ = {
			isa = PBXGroup;
			children = (
				7F088E62222DCC47009B4592 /* Treble */,
				7F088E6F222DCC47009B4592 /* Bass */,
			);
			path = StaffImages;
			sourceTree = "<group>";
		};
		7F088E62222DCC47009B4592 /* Treble */ = {
			isa = PBXGroup;
			children = (
				7F088E63222DCC47009B4592 /* Gtreble-1-1.png */,
				7F088E64222DCC47009B4592 /* Ctreble-1-1.png */,
				7C83FC7422387E15002AFCED /* Afltreble-1-1.png */,
				7C83FC7522387E15002AFCED /* Ashtreble-1-1.png */,
				7C83FC6922387E13002AFCED /* Bfltreble-1-1.png */,
				7C83FC6C22387E13002AFCED /* Cshtreble-2-1.png */,
				7C83FC6D22387E14002AFCED /* Dfltreble-1-1.png */,
				7C83FC7222387E14002AFCED /* Dfltreble-2-1.png */,
				7C83FC6822387E12002AFCED /* Dshtreble-1-1.png */,
				7C83FC6722387E12002AFCED /* Dshtreble-2-1.png */,
				7C83FC7122387E14002AFCED /* Efltreble-1-1.png */,
				7C83FC6B22387E13002AFCED /* Efltreble-2-1.png */,
				7C83FC6F22387E14002AFCED /* Fshtreble-1-1.png */,
				7C83FC8522387EA7002AFCED /* Cshtreble-1-1.png */,
				7C83FC7022387E14002AFCED /* Fshtreble-2-1.png */,
				7C83FC6A22387E13002AFCED /* Gfltreble-1-1.png */,
				7C83FC7322387E15002AFCED /* Gfltreble-2-1.png */,
				7C83FC6E22387E14002AFCED /* Gshtreble-1-1.png */,
				7F088E65222DCC47009B4592 /* Dtreble-1-1.png */,
				7F088E66222DCC47009B4592 /* Ctreble-2-1.png */,
				7F088E67222DCC47009B4592 /* Gtreble-2-1.png */,
				7F088E68222DCC47009B4592 /* Dtreble-2-1.png */,
				7F088E69222DCC47009B4592 /* Etreble-2-1.png */,
				7F088E6A222DCC47009B4592 /* Ftreble-2-1.png */,
				7F088E6B222DCC47009B4592 /* Atreble-1-1.png */,
				7F088E6C222DCC47009B4592 /* Etreble-1-1.png */,
				7F088E6D222DCC47009B4592 /* Btreble-1-1.png */,
				7F088E6E222DCC47009B4592 /* Ftreble-1-1.png */,
			);
			path = Treble;
			sourceTree = "<group>";
		};
		7F088E6F222DCC47009B4592 /* Bass */ = {
			isa = PBXGroup;
			children = (
				7F088E70222DCC47009B4592 /* Bbass1-1.png */,
				7F088E71222DCC47009B4592 /* Ebass2-1.png */,
				7F088E72222DCC47009B4592 /* Gbass1-1.png */,
				7F088E73222DCC47009B4592 /* Bbass2-1.png */,
				7F088E74222DCC47009B4592 /* Gbass2-1.png */,
				7F088E75222DCC47009B4592 /* Fbass1-1.png */,
				7F088E76222DCC47009B4592 /* Abass2-1.png */,
				7F088E77222DCC47009B4592 /* Cbass1-1.png */,
				7F088E78222DCC47009B4592 /* Fbass2-1.png */,
				7F088E79222DCC47009B4592 /* Dbass1-1.png */,
				7C83FC8F22388029002AFCED /* Aflbass1-1.png */,
				7C83FC942238802A002AFCED /* Aflbass2-1.png */,
				7C83FC9122388029002AFCED /* Ashbass1-1.png */,
				7C83FC8722388027002AFCED /* Ashbass2-1.png */,
				7C83FC8A22388028002AFCED /* Bflbass1-1.png */,
				7C83FC952238802A002AFCED /* Bflbass2-1.png */,
				7C83FC962238802A002AFCED /* Cshbass1-1.png */,
				7C83FC8E22388029002AFCED /* Dflbass1-1.png */,
				7C83FC932238802A002AFCED /* Dshbass1-1.png */,
				7C83FC972238802A002AFCED /* Eflbass1-1.png */,
				7C83FC8C22388029002AFCED /* Eflbass2-1.png */,
				7C83FC8D22388029002AFCED /* Fshbass1-1.png */,
				7C83FC9022388029002AFCED /* Fshbass2-1.png */,
				7C83FC922238802A002AFCED /* Gflbass1-1.png */,
				7C83FC8B22388028002AFCED /* Gflbass2-1.png */,
				7C83FC8822388028002AFCED /* Gshbass1-1.png */,
				7C83FC8922388028002AFCED /* Gshbass2-1.png */,
				7F088E7A222DCC47009B4592 /* Cbass2-1.png */,
				7F088E7B222DCC47009B4592 /* Abass1-1.png */,
				7F088E7C222DCC47009B4592 /* Ebass-1.png */,
			);
			path = Bass;
			sourceTree = "<group>";
		};
		7F2C21E12224978300F3FA02 /* TunerUI */ = {
			isa = PBXGroup;
			children = (
				7F2C21D322248DB800F3FA02 /* DisplayView.swift */,
				7F2C21D222248DB800F3FA02 /* KnobView.swift */,
				7F2C21D422248DB800F3FA02 /* PlotView.swift */,
			);
			path = TunerUI;
			sourceTree = "<group>";
		};
		7F2C21E2222497B900F3FA02 /* TunerLogic */ = {
			isa = PBXGroup;
			children = (
				7F2C21CB22248D4300F3FA02 /* Note.swift */,
				7F2C21CA22248D4300F3FA02 /* Pitch.swift */,
				7F2C21CC22248D4400F3FA02 /* Tuner.swift */,
			);
			path = TunerLogic;
			sourceTree = "<group>";
		};
/* End PBXGroup section */

/* Begin PBXNativeTarget section */
		7CDBA71A2215112400798814 /* MusicUtil */ = {
			isa = PBXNativeTarget;
			buildConfigurationList = 7CDBA7452215112700798814 /* Build configuration list for PBXNativeTarget "MusicUtil" */;
			buildPhases = (
				FDB2C5AB14A7C1F9C32C6101 /* [CP] Check Pods Manifest.lock */,
				7CDBA7172215112400798814 /* Sources */,
				7CDBA7182215112400798814 /* Frameworks */,
				7CDBA7192215112400798814 /* Resources */,
				276270CAF7F76604F823E3E6 /* [CP] Embed Pods Frameworks */,
			);
			buildRules = (
			);
			dependencies = (
			);
			name = MusicUtil;
			productName = SimpleTabUI;
			productReference = 7CDBA71B2215112400798814 /* MusicUtil.app */;
			productType = "com.apple.product-type.application";
		};
		7CDBA7302215112700798814 /* MusicUtilTests */ = {
			isa = PBXNativeTarget;
			buildConfigurationList = 7CDBA7482215112700798814 /* Build configuration list for PBXNativeTarget "MusicUtilTests" */;
			buildPhases = (
				CE092DDA4FBA3CA781E7B4F9 /* [CP] Check Pods Manifest.lock */,
				7CDBA72D2215112700798814 /* Sources */,
				7CDBA72E2215112700798814 /* Frameworks */,
				7CDBA72F2215112700798814 /* Resources */,
			);
			buildRules = (
			);
			dependencies = (
				7CDBA7332215112700798814 /* PBXTargetDependency */,
			);
			name = MusicUtilTests;
			productName = SimpleTabUITests;
			productReference = 7CDBA7312215112700798814 /* MusicUtilTests.xctest */;
			productType = "com.apple.product-type.bundle.unit-test";
		};
		7CDBA73B2215112700798814 /* MusicUtilUITests */ = {
			isa = PBXNativeTarget;
			buildConfigurationList = 7CDBA74B2215112700798814 /* Build configuration list for PBXNativeTarget "MusicUtilUITests" */;
			buildPhases = (
				EEFF1077D7002F836B9C5125 /* [CP] Check Pods Manifest.lock */,
				7CDBA7382215112700798814 /* Sources */,
				7CDBA7392215112700798814 /* Frameworks */,
				7CDBA73A2215112700798814 /* Resources */,
			);
			buildRules = (
			);
			dependencies = (
				7CDBA73E2215112700798814 /* PBXTargetDependency */,
			);
			name = MusicUtilUITests;
			productName = SimpleTabUIUITests;
			productReference = 7CDBA73C2215112700798814 /* MusicUtilUITests.xctest */;
			productType = "com.apple.product-type.bundle.ui-testing";
		};
/* End PBXNativeTarget section */

/* Begin PBXProject section */
		7CDBA7132215112400798814 /* Project object */ = {
			isa = PBXProject;
			attributes = {
				LastSwiftUpdateCheck = 1010;
				LastUpgradeCheck = 1010;
				ORGANIZATIONNAME = Joseph;
				TargetAttributes = {
					7CDBA71A2215112400798814 = {
						CreatedOnToolsVersion = 10.1;
					};
					7CDBA7302215112700798814 = {
						CreatedOnToolsVersion = 10.1;
						TestTargetID = 7CDBA71A2215112400798814;
					};
					7CDBA73B2215112700798814 = {
						CreatedOnToolsVersion = 10.1;
						TestTargetID = 7CDBA71A2215112400798814;
					};
				};
			};
			buildConfigurationList = 7CDBA7162215112400798814 /* Build configuration list for PBXProject "MusicUtil" */;
			compatibilityVersion = "Xcode 9.3";
			developmentRegion = en;
			hasScannedForEncodings = 0;
			knownRegions = (
				en,
				Base,
			);
			mainGroup = 7CDBA7122215112400798814;
			productRefGroup = 7CDBA71C2215112400798814 /* Products */;
			projectDirPath = "";
			projectRoot = "";
			targets = (
				7CDBA71A2215112400798814 /* MusicUtil */,
				7CDBA7302215112700798814 /* MusicUtilTests */,
				7CDBA73B2215112700798814 /* MusicUtilUITests */,
			);
		};
/* End PBXProject section */

/* Begin PBXResourcesBuildPhase section */
		7CDBA7192215112400798814 /* Resources */ = {
			isa = PBXResourcesBuildPhase;
			buildActionMask = 2147483647;
			files = (
				7F088EA8222DCC48009B4592 /* F.mp3 in Resources */,
				7C83FC9F2238802A002AFCED /* Dflbass1-1.png in Resources */,
				7C83FCA12238802A002AFCED /* Fshbass2-1.png in Resources */,
				7C83FC7B22387E15002AFCED /* Cshtreble-2-1.png in Resources */,
				7C83FC8422387E15002AFCED /* Ashtreble-1-1.png in Resources */,
				7C83FCA02238802A002AFCED /* Aflbass1-1.png in Resources */,
				7C83FCA32238802A002AFCED /* Gflbass1-1.png in Resources */,
				7F088EA4222DCC48009B4592 /* B.mp3 in Resources */,
				7C83FC9D2238802A002AFCED /* Eflbass2-1.png in Resources */,
				7F088EA1222DCC48009B4592 /* G.mp3 in Resources */,
				7F088E92222DCC48009B4592 /* Ftreble-1-1.png in Resources */,
				7F088EA9222DCC48009B4592 /* E.mp3 in Resources */,
				7F088EA2222DCC48009B4592 /* icons8-checked-30.png in Resources */,
				7F088E99222DCC48009B4592 /* Abass2-1.png in Resources */,
				7F088E9F222DCC48009B4592 /* Ebass-1.png in Resources */,
				7F088E8D222DCC48009B4592 /* Etreble-2-1.png in Resources */,
				7C83FC9C2238802A002AFCED /* Gflbass2-1.png in Resources */,
				7F088E95222DCC48009B4592 /* Gbass1-1.png in Resources */,
				7F088E9E222DCC48009B4592 /* Abass1-1.png in Resources */,
				7F088E97222DCC48009B4592 /* Gbass2-1.png in Resources */,
				7C83FC8122387E15002AFCED /* Dfltreble-2-1.png in Resources */,
				7C83FC7A22387E15002AFCED /* Efltreble-2-1.png in Resources */,
				7C83FCA22238802A002AFCED /* Ashbass1-1.png in Resources */,
				7C83FC7622387E15002AFCED /* Dshtreble-2-1.png in Resources */,
				7C83FC8222387E15002AFCED /* Gfltreble-2-1.png in Resources */,
				7CDBA72B2215112700798814 /* LaunchScreen.storyboard in Resources */,
				7F088E9B222DCC48009B4592 /* Fbass2-1.png in Resources */,
				7C83FC7722387E15002AFCED /* Dshtreble-1-1.png in Resources */,
				7C83FC7D22387E15002AFCED /* Gshtreble-1-1.png in Resources */,
				7C83FC8622387EA7002AFCED /* Cshtreble-1-1.png in Resources */,
				7CDBA7282215112700798814 /* Assets.xcassets in Resources */,
				7C83FC9E2238802A002AFCED /* Fshbass1-1.png in Resources */,
				7F088E8C222DCC48009B4592 /* Dtreble-2-1.png in Resources */,
				7C83FC8022387E15002AFCED /* Efltreble-1-1.png in Resources */,
				7F088E94222DCC48009B4592 /* Ebass2-1.png in Resources */,
				7F088E90222DCC48009B4592 /* Etreble-1-1.png in Resources */,
				7F088EA0222DCC48009B4592 /* C.mp3 in Resources */,
				7F088E89222DCC48009B4592 /* Dtreble-1-1.png in Resources */,
				7F088E8F222DCC48009B4592 /* Atreble-1-1.png in Resources */,
				7C83FC9B2238802A002AFCED /* Bflbass1-1.png in Resources */,
				7CDBA7262215112400798814 /* Main.storyboard in Resources */,
				7F088E98222DCC48009B4592 /* Fbass1-1.png in Resources */,
				7C83FCA42238802A002AFCED /* Dshbass1-1.png in Resources */,
				7C83FC7922387E15002AFCED /* Gfltreble-1-1.png in Resources */,
				7C83FC7C22387E15002AFCED /* Dfltreble-1-1.png in Resources */,
				7C83FC7F22387E15002AFCED /* Fshtreble-2-1.png in Resources */,
				7F088E93222DCC48009B4592 /* Bbass1-1.png in Resources */,
				7C83FC7E22387E15002AFCED /* Fshtreble-1-1.png in Resources */,
				7C83FC7822387E15002AFCED /* Bfltreble-1-1.png in Resources */,
				7F088E8B222DCC48009B4592 /* Gtreble-2-1.png in Resources */,
				7C83FCA62238802A002AFCED /* Bflbass2-1.png in Resources */,
				7F088EA7222DCC48009B4592 /* A.mp3 in Resources */,
				7F088E9C222DCC48009B4592 /* Dbass1-1.png in Resources */,
				7F088E87222DCC48009B4592 /* Gtreble-1-1.png in Resources */,
				7F088E91222DCC48009B4592 /* Btreble-1-1.png in Resources */,
				7C83FC9A2238802A002AFCED /* Gshbass2-1.png in Resources */,
				7F088E8A222DCC48009B4592 /* Ctreble-2-1.png in Resources */,
				7F088E8E222DCC48009B4592 /* Ftreble-2-1.png in Resources */,
				7C83FC992238802A002AFCED /* Gshbass1-1.png in Resources */,
				7C83FC982238802A002AFCED /* Ashbass2-1.png in Resources */,
				7C83FCA72238802A002AFCED /* Cshbass1-1.png in Resources */,
				7F088E9A222DCC48009B4592 /* Cbass1-1.png in Resources */,
				7C83FCA52238802A002AFCED /* Aflbass2-1.png in Resources */,
				7F088E9D222DCC48009B4592 /* Cbass2-1.png in Resources */,
				7F088EA6222DCC48009B4592 /* D.mp3 in Resources */,
				7C83FC8322387E15002AFCED /* Afltreble-1-1.png in Resources */,
				7C83FCA82238802A002AFCED /* Eflbass1-1.png in Resources */,
				7F088E88222DCC48009B4592 /* Ctreble-1-1.png in Resources */,
				7F088E96222DCC48009B4592 /* Bbass2-1.png in Resources */,
				7F088EA3222DCC48009B4592 /* icons8-cancel-30-2.png in Resources */,
			);
			runOnlyForDeploymentPostprocessing = 0;
		};
		7CDBA72F2215112700798814 /* Resources */ = {
			isa = PBXResourcesBuildPhase;
			buildActionMask = 2147483647;
			files = (
			);
			runOnlyForDeploymentPostprocessing = 0;
		};
		7CDBA73A2215112700798814 /* Resources */ = {
			isa = PBXResourcesBuildPhase;
			buildActionMask = 2147483647;
			files = (
			);
			runOnlyForDeploymentPostprocessing = 0;
		};
/* End PBXResourcesBuildPhase section */

/* Begin PBXShellScriptBuildPhase section */
		276270CAF7F76604F823E3E6 /* [CP] Embed Pods Frameworks */ = {
			isa = PBXShellScriptBuildPhase;
			buildActionMask = 2147483647;
			files = (
			);
			inputFileListPaths = (
			);
			inputPaths = (
				"${PODS_ROOT}/Target Support Files/Pods-MusicUtil/Pods-MusicUtil-frameworks.sh",
				"${BUILT_PRODUCTS_DIR}/AudioKit/AudioKit.framework",
			);
			name = "[CP] Embed Pods Frameworks";
			outputFileListPaths = (
			);
			outputPaths = (
				"${TARGET_BUILD_DIR}/${FRAMEWORKS_FOLDER_PATH}/AudioKit.framework",
			);
			runOnlyForDeploymentPostprocessing = 0;
			shellPath = /bin/sh;
			shellScript = "\"${PODS_ROOT}/Target Support Files/Pods-MusicUtil/Pods-MusicUtil-frameworks.sh\"\n";
			showEnvVarsInLog = 0;
		};
		CE092DDA4FBA3CA781E7B4F9 /* [CP] Check Pods Manifest.lock */ = {
			isa = PBXShellScriptBuildPhase;
			buildActionMask = 2147483647;
			files = (
			);
			inputFileListPaths = (
			);
			inputPaths = (
				"${PODS_PODFILE_DIR_PATH}/Podfile.lock",
				"${PODS_ROOT}/Manifest.lock",
			);
			name = "[CP] Check Pods Manifest.lock";
			outputFileListPaths = (
			);
			outputPaths = (
				"$(DERIVED_FILE_DIR)/Pods-MusicUtilTests-checkManifestLockResult.txt",
			);
			runOnlyForDeploymentPostprocessing = 0;
			shellPath = /bin/sh;
			shellScript = "diff \"${PODS_PODFILE_DIR_PATH}/Podfile.lock\" \"${PODS_ROOT}/Manifest.lock\" > /dev/null\nif [ $? != 0 ] ; then\n    # print error to STDERR\n    echo \"error: The sandbox is not in sync with the Podfile.lock. Run 'pod install' or update your CocoaPods installation.\" >&2\n    exit 1\nfi\n# This output is used by Xcode 'outputs' to avoid re-running this script phase.\necho \"SUCCESS\" > \"${SCRIPT_OUTPUT_FILE_0}\"\n";
			showEnvVarsInLog = 0;
		};
		EEFF1077D7002F836B9C5125 /* [CP] Check Pods Manifest.lock */ = {
			isa = PBXShellScriptBuildPhase;
			buildActionMask = 2147483647;
			files = (
			);
			inputFileListPaths = (
			);
			inputPaths = (
				"${PODS_PODFILE_DIR_PATH}/Podfile.lock",
				"${PODS_ROOT}/Manifest.lock",
			);
			name = "[CP] Check Pods Manifest.lock";
			outputFileListPaths = (
			);
			outputPaths = (
				"$(DERIVED_FILE_DIR)/Pods-MusicUtilUITests-checkManifestLockResult.txt",
			);
			runOnlyForDeploymentPostprocessing = 0;
			shellPath = /bin/sh;
			shellScript = "diff \"${PODS_PODFILE_DIR_PATH}/Podfile.lock\" \"${PODS_ROOT}/Manifest.lock\" > /dev/null\nif [ $? != 0 ] ; then\n    # print error to STDERR\n    echo \"error: The sandbox is not in sync with the Podfile.lock. Run 'pod install' or update your CocoaPods installation.\" >&2\n    exit 1\nfi\n# This output is used by Xcode 'outputs' to avoid re-running this script phase.\necho \"SUCCESS\" > \"${SCRIPT_OUTPUT_FILE_0}\"\n";
			showEnvVarsInLog = 0;
		};
		FDB2C5AB14A7C1F9C32C6101 /* [CP] Check Pods Manifest.lock */ = {
			isa = PBXShellScriptBuildPhase;
			buildActionMask = 2147483647;
			files = (
			);
			inputFileListPaths = (
			);
			inputPaths = (
				"${PODS_PODFILE_DIR_PATH}/Podfile.lock",
				"${PODS_ROOT}/Manifest.lock",
			);
			name = "[CP] Check Pods Manifest.lock";
			outputFileListPaths = (
			);
			outputPaths = (
				"$(DERIVED_FILE_DIR)/Pods-MusicUtil-checkManifestLockResult.txt",
			);
			runOnlyForDeploymentPostprocessing = 0;
			shellPath = /bin/sh;
			shellScript = "diff \"${PODS_PODFILE_DIR_PATH}/Podfile.lock\" \"${PODS_ROOT}/Manifest.lock\" > /dev/null\nif [ $? != 0 ] ; then\n    # print error to STDERR\n    echo \"error: The sandbox is not in sync with the Podfile.lock. Run 'pod install' or update your CocoaPods installation.\" >&2\n    exit 1\nfi\n# This output is used by Xcode 'outputs' to avoid re-running this script phase.\necho \"SUCCESS\" > \"${SCRIPT_OUTPUT_FILE_0}\"\n";
			showEnvVarsInLog = 0;
		};
/* End PBXShellScriptBuildPhase section */

/* Begin PBXSourcesBuildPhase section */
		7CDBA7172215112400798814 /* Sources */ = {
			isa = PBXSourcesBuildPhase;
			buildActionMask = 2147483647;
			files = (
				7F088E5A222DCB37009B4592 /* StaffNote.swift in Sources */,
				7CDBA71F2215112400798814 /* AppDelegate.swift in Sources */,
				7F2C21D722248DB800F3FA02 /* DisplayView.swift in Sources */,
				7CDBA7212215112400798814 /* TunerViewController.swift in Sources */,
				7F088E60222DCBA9009B4592 /* SheetReadViewController.swift in Sources */,
				7F2C21CF22248D4400F3FA02 /* Tuner.swift in Sources */,
				7F2C21CD22248D4400F3FA02 /* Pitch.swift in Sources */,
				7F2C21D622248DB800F3FA02 /* KnobView.swift in Sources */,
				7F088E5C222DCB83009B4592 /* StaffView.swift in Sources */,
				74796C5F2253F4FF00A12AD4 /* SettingsViewController.swift in Sources */,
				7F2C21D822248DB800F3FA02 /* PlotView.swift in Sources */,
				7C7E56C52242AA0200051F83 /* MuseTabBarController.swift in Sources */,
				7F2C21CE22248D4400F3FA02 /* Note.swift in Sources */,
				7F088E5F222DCBA9009B4592 /* EarTrainViewController.swift in Sources */,
			);
			runOnlyForDeploymentPostprocessing = 0;
		};
		7CDBA72D2215112700798814 /* Sources */ = {
			isa = PBXSourcesBuildPhase;
			buildActionMask = 2147483647;
			files = (
				7CDBA7362215112700798814 /* SimpleTabUITests.swift in Sources */,
			);
			runOnlyForDeploymentPostprocessing = 0;
		};
		7CDBA7382215112700798814 /* Sources */ = {
			isa = PBXSourcesBuildPhase;
			buildActionMask = 2147483647;
			files = (
				7CDBA7412215112700798814 /* SimpleTabUIUITests.swift in Sources */,
			);
			runOnlyForDeploymentPostprocessing = 0;
		};
/* End PBXSourcesBuildPhase section */

/* Begin PBXTargetDependency section */
		7CDBA7332215112700798814 /* PBXTargetDependency */ = {
			isa = PBXTargetDependency;
			target = 7CDBA71A2215112400798814 /* MusicUtil */;
			targetProxy = 7CDBA7322215112700798814 /* PBXContainerItemProxy */;
		};
		7CDBA73E2215112700798814 /* PBXTargetDependency */ = {
			isa = PBXTargetDependency;
			target = 7CDBA71A2215112400798814 /* MusicUtil */;
			targetProxy = 7CDBA73D2215112700798814 /* PBXContainerItemProxy */;
		};
/* End PBXTargetDependency section */

/* Begin PBXVariantGroup section */
		7CDBA7242215112400798814 /* Main.storyboard */ = {
			isa = PBXVariantGroup;
			children = (
				7CDBA7252215112400798814 /* Base */,
			);
			name = Main.storyboard;
			sourceTree = "<group>";
		};
		7CDBA7292215112700798814 /* LaunchScreen.storyboard */ = {
			isa = PBXVariantGroup;
			children = (
				7CDBA72A2215112700798814 /* Base */,
			);
			name = LaunchScreen.storyboard;
			sourceTree = "<group>";
		};
/* End PBXVariantGroup section */

/* Begin XCBuildConfiguration section */
		7CDBA7432215112700798814 /* Debug */ = {
			isa = XCBuildConfiguration;
			buildSettings = {
				ALWAYS_SEARCH_USER_PATHS = NO;
				CLANG_ANALYZER_NONNULL = YES;
				CLANG_ANALYZER_NUMBER_OBJECT_CONVERSION = YES_AGGRESSIVE;
				CLANG_CXX_LANGUAGE_STANDARD = "gnu++14";
				CLANG_CXX_LIBRARY = "libc++";
				CLANG_ENABLE_MODULES = YES;
				CLANG_ENABLE_OBJC_ARC = YES;
				CLANG_ENABLE_OBJC_WEAK = YES;
				CLANG_WARN_BLOCK_CAPTURE_AUTORELEASING = YES;
				CLANG_WARN_BOOL_CONVERSION = YES;
				CLANG_WARN_COMMA = YES;
				CLANG_WARN_CONSTANT_CONVERSION = YES;
				CLANG_WARN_DEPRECATED_OBJC_IMPLEMENTATIONS = YES;
				CLANG_WARN_DIRECT_OBJC_ISA_USAGE = YES_ERROR;
				CLANG_WARN_DOCUMENTATION_COMMENTS = YES;
				CLANG_WARN_EMPTY_BODY = YES;
				CLANG_WARN_ENUM_CONVERSION = YES;
				CLANG_WARN_INFINITE_RECURSION = YES;
				CLANG_WARN_INT_CONVERSION = YES;
				CLANG_WARN_NON_LITERAL_NULL_CONVERSION = YES;
				CLANG_WARN_OBJC_IMPLICIT_RETAIN_SELF = YES;
				CLANG_WARN_OBJC_LITERAL_CONVERSION = YES;
				CLANG_WARN_OBJC_ROOT_CLASS = YES_ERROR;
				CLANG_WARN_RANGE_LOOP_ANALYSIS = YES;
				CLANG_WARN_STRICT_PROTOTYPES = YES;
				CLANG_WARN_SUSPICIOUS_MOVE = YES;
				CLANG_WARN_UNGUARDED_AVAILABILITY = YES_AGGRESSIVE;
				CLANG_WARN_UNREACHABLE_CODE = YES;
				CLANG_WARN__DUPLICATE_METHOD_MATCH = YES;
				CODE_SIGN_IDENTITY = "iPhone Developer";
				COPY_PHASE_STRIP = NO;
				DEBUG_INFORMATION_FORMAT = dwarf;
				ENABLE_STRICT_OBJC_MSGSEND = YES;
				ENABLE_TESTABILITY = YES;
				GCC_C_LANGUAGE_STANDARD = gnu11;
				GCC_DYNAMIC_NO_PIC = NO;
				GCC_NO_COMMON_BLOCKS = YES;
				GCC_OPTIMIZATION_LEVEL = 0;
				GCC_PREPROCESSOR_DEFINITIONS = (
					"DEBUG=1",
					"$(inherited)",
				);
				GCC_WARN_64_TO_32_BIT_CONVERSION = YES;
				GCC_WARN_ABOUT_RETURN_TYPE = YES_ERROR;
				GCC_WARN_UNDECLARED_SELECTOR = YES;
				GCC_WARN_UNINITIALIZED_AUTOS = YES_AGGRESSIVE;
				GCC_WARN_UNUSED_FUNCTION = YES;
				GCC_WARN_UNUSED_VARIABLE = YES;
				IPHONEOS_DEPLOYMENT_TARGET = 12.1;
				MTL_ENABLE_DEBUG_INFO = INCLUDE_SOURCE;
				MTL_FAST_MATH = YES;
				ONLY_ACTIVE_ARCH = YES;
				SDKROOT = iphoneos;
				SWIFT_ACTIVE_COMPILATION_CONDITIONS = DEBUG;
				SWIFT_OPTIMIZATION_LEVEL = "-Onone";
			};
			name = Debug;
		};
		7CDBA7442215112700798814 /* Release */ = {
			isa = XCBuildConfiguration;
			buildSettings = {
				ALWAYS_SEARCH_USER_PATHS = NO;
				CLANG_ANALYZER_NONNULL = YES;
				CLANG_ANALYZER_NUMBER_OBJECT_CONVERSION = YES_AGGRESSIVE;
				CLANG_CXX_LANGUAGE_STANDARD = "gnu++14";
				CLANG_CXX_LIBRARY = "libc++";
				CLANG_ENABLE_MODULES = YES;
				CLANG_ENABLE_OBJC_ARC = YES;
				CLANG_ENABLE_OBJC_WEAK = YES;
				CLANG_WARN_BLOCK_CAPTURE_AUTORELEASING = YES;
				CLANG_WARN_BOOL_CONVERSION = YES;
				CLANG_WARN_COMMA = YES;
				CLANG_WARN_CONSTANT_CONVERSION = YES;
				CLANG_WARN_DEPRECATED_OBJC_IMPLEMENTATIONS = YES;
				CLANG_WARN_DIRECT_OBJC_ISA_USAGE = YES_ERROR;
				CLANG_WARN_DOCUMENTATION_COMMENTS = YES;
				CLANG_WARN_EMPTY_BODY = YES;
				CLANG_WARN_ENUM_CONVERSION = YES;
				CLANG_WARN_INFINITE_RECURSION = YES;
				CLANG_WARN_INT_CONVERSION = YES;
				CLANG_WARN_NON_LITERAL_NULL_CONVERSION = YES;
				CLANG_WARN_OBJC_IMPLICIT_RETAIN_SELF = YES;
				CLANG_WARN_OBJC_LITERAL_CONVERSION = YES;
				CLANG_WARN_OBJC_ROOT_CLASS = YES_ERROR;
				CLANG_WARN_RANGE_LOOP_ANALYSIS = YES;
				CLANG_WARN_STRICT_PROTOTYPES = YES;
				CLANG_WARN_SUSPICIOUS_MOVE = YES;
				CLANG_WARN_UNGUARDED_AVAILABILITY = YES_AGGRESSIVE;
				CLANG_WARN_UNREACHABLE_CODE = YES;
				CLANG_WARN__DUPLICATE_METHOD_MATCH = YES;
				CODE_SIGN_IDENTITY = "iPhone Developer";
				COPY_PHASE_STRIP = NO;
				DEBUG_INFORMATION_FORMAT = "dwarf-with-dsym";
				ENABLE_NS_ASSERTIONS = NO;
				ENABLE_STRICT_OBJC_MSGSEND = YES;
				GCC_C_LANGUAGE_STANDARD = gnu11;
				GCC_NO_COMMON_BLOCKS = YES;
				GCC_WARN_64_TO_32_BIT_CONVERSION = YES;
				GCC_WARN_ABOUT_RETURN_TYPE = YES_ERROR;
				GCC_WARN_UNDECLARED_SELECTOR = YES;
				GCC_WARN_UNINITIALIZED_AUTOS = YES_AGGRESSIVE;
				GCC_WARN_UNUSED_FUNCTION = YES;
				GCC_WARN_UNUSED_VARIABLE = YES;
				IPHONEOS_DEPLOYMENT_TARGET = 12.1;
				MTL_ENABLE_DEBUG_INFO = NO;
				MTL_FAST_MATH = YES;
				SDKROOT = iphoneos;
				SWIFT_COMPILATION_MODE = wholemodule;
				SWIFT_OPTIMIZATION_LEVEL = "-O";
				VALIDATE_PRODUCT = YES;
			};
			name = Release;
		};
		7CDBA7462215112700798814 /* Debug */ = {
			isa = XCBuildConfiguration;
			baseConfigurationReference = C30260D1794B2650214E0C3C /* Pods-MusicUtil.debug.xcconfig */;
			buildSettings = {
				ASSETCATALOG_COMPILER_APPICON_NAME = AppIcon;
				CODE_SIGN_IDENTITY = "iPhone Developer";
				CODE_SIGN_STYLE = Automatic;
				DEVELOPMENT_TEAM = R3RMP5AJVM;
				INFOPLIST_FILE = SimpleTabUI/Info.plist;
				IPHONEOS_DEPLOYMENT_TARGET = 9.3;
				LD_RUNPATH_SEARCH_PATHS = (
					"$(inherited)",
					"@executable_path/Frameworks",
				);
				PRODUCT_BUNDLE_IDENTIFIER = mycSproj.SimpleMusicPls;
				PRODUCT_NAME = "$(TARGET_NAME)";
				PROVISIONING_PROFILE_SPECIFIER = "";
				SWIFT_VERSION = 4.2;
				TARGETED_DEVICE_FAMILY = 1;
			};
			name = Debug;
		};
		7CDBA7472215112700798814 /* Release */ = {
			isa = XCBuildConfiguration;
			baseConfigurationReference = 04B778859BB40202E0DEF411 /* Pods-MusicUtil.release.xcconfig */;
			buildSettings = {
				ASSETCATALOG_COMPILER_APPICON_NAME = AppIcon;
				CODE_SIGN_IDENTITY = "iPhone Developer";
				CODE_SIGN_STYLE = Automatic;
				DEVELOPMENT_TEAM = R3RMP5AJVM;
				INFOPLIST_FILE = SimpleTabUI/Info.plist;
				IPHONEOS_DEPLOYMENT_TARGET = 9.3;
				LD_RUNPATH_SEARCH_PATHS = (
					"$(inherited)",
					"@executable_path/Frameworks",
				);
				PRODUCT_BUNDLE_IDENTIFIER = mycSproj.SimpleMusicPls;
				PRODUCT_NAME = "$(TARGET_NAME)";
				PROVISIONING_PROFILE_SPECIFIER = "";
				SWIFT_VERSION = 4.2;
				TARGETED_DEVICE_FAMILY = 1;
			};
			name = Release;
		};
		7CDBA7492215112700798814 /* Debug */ = {
			isa = XCBuildConfiguration;
			baseConfigurationReference = 9761738E4C579F1F6F30E154 /* Pods-MusicUtilTests.debug.xcconfig */;
			buildSettings = {
				ALWAYS_EMBED_SWIFT_STANDARD_LIBRARIES = YES;
				BUNDLE_LOADER = "$(TEST_HOST)";
				CODE_SIGN_STYLE = Automatic;
				DEVELOPMENT_TEAM = CG2H8JGRK6;
				INFOPLIST_FILE = SimpleTabUITests/Info.plist;
				LD_RUNPATH_SEARCH_PATHS = (
					"$(inherited)",
					"@executable_path/Frameworks",
					"@loader_path/Frameworks",
				);
				PRODUCT_BUNDLE_IDENTIFIER = mycSproj.SimpleTabUITests;
				PRODUCT_NAME = "$(TARGET_NAME)";
				SWIFT_VERSION = 4.2;
				TARGETED_DEVICE_FAMILY = "1,2";
				TEST_HOST = "$(BUILT_PRODUCTS_DIR)/MusicUtil.app/MusicUtil";
			};
			name = Debug;
		};
		7CDBA74A2215112700798814 /* Release */ = {
			isa = XCBuildConfiguration;
			baseConfigurationReference = 2DEF26E32A67CC416169C0D9 /* Pods-MusicUtilTests.release.xcconfig */;
			buildSettings = {
				ALWAYS_EMBED_SWIFT_STANDARD_LIBRARIES = YES;
				BUNDLE_LOADER = "$(TEST_HOST)";
				CODE_SIGN_STYLE = Automatic;
				DEVELOPMENT_TEAM = CG2H8JGRK6;
				INFOPLIST_FILE = SimpleTabUITests/Info.plist;
				LD_RUNPATH_SEARCH_PATHS = (
					"$(inherited)",
					"@executable_path/Frameworks",
					"@loader_path/Frameworks",
				);
				PRODUCT_BUNDLE_IDENTIFIER = mycSproj.SimpleTabUITests;
				PRODUCT_NAME = "$(TARGET_NAME)";
				SWIFT_VERSION = 4.2;
				TARGETED_DEVICE_FAMILY = "1,2";
				TEST_HOST = "$(BUILT_PRODUCTS_DIR)/MusicUtil.app/MusicUtil";
			};
			name = Release;
		};
		7CDBA74C2215112700798814 /* Debug */ = {
			isa = XCBuildConfiguration;
			baseConfigurationReference = 9D7D18D09A906437224EB955 /* Pods-MusicUtilUITests.debug.xcconfig */;
			buildSettings = {
				ALWAYS_EMBED_SWIFT_STANDARD_LIBRARIES = YES;
				CODE_SIGN_STYLE = Automatic;
				INFOPLIST_FILE = SimpleTabUIUITests/Info.plist;
				LD_RUNPATH_SEARCH_PATHS = (
					"$(inherited)",
					"@executable_path/Frameworks",
					"@loader_path/Frameworks",
				);
				PRODUCT_BUNDLE_IDENTIFIER = mycSproj.SimpleTabUIUITests;
				PRODUCT_NAME = "$(TARGET_NAME)";
				SWIFT_VERSION = 4.2;
				TARGETED_DEVICE_FAMILY = "1,2";
				TEST_TARGET_NAME = SimpleTabUI;
			};
			name = Debug;
		};
		7CDBA74D2215112700798814 /* Release */ = {
			isa = XCBuildConfiguration;
			baseConfigurationReference = 6BE2C201F6AE59AA706EDBCC /* Pods-MusicUtilUITests.release.xcconfig */;
			buildSettings = {
				ALWAYS_EMBED_SWIFT_STANDARD_LIBRARIES = YES;
				CODE_SIGN_STYLE = Automatic;
				INFOPLIST_FILE = SimpleTabUIUITests/Info.plist;
				LD_RUNPATH_SEARCH_PATHS = (
					"$(inherited)",
					"@executable_path/Frameworks",
					"@loader_path/Frameworks",
				);
				PRODUCT_BUNDLE_IDENTIFIER = mycSproj.SimpleTabUIUITests;
				PRODUCT_NAME = "$(TARGET_NAME)";
				SWIFT_VERSION = 4.2;
				TARGETED_DEVICE_FAMILY = "1,2";
				TEST_TARGET_NAME = SimpleTabUI;
			};
			name = Release;
		};
/* End XCBuildConfiguration section */

/* Begin XCConfigurationList section */
		7CDBA7162215112400798814 /* Build configuration list for PBXProject "MusicUtil" */ = {
			isa = XCConfigurationList;
			buildConfigurations = (
				7CDBA7432215112700798814 /* Debug */,
				7CDBA7442215112700798814 /* Release */,
			);
			defaultConfigurationIsVisible = 0;
			defaultConfigurationName = Release;
		};
		7CDBA7452215112700798814 /* Build configuration list for PBXNativeTarget "MusicUtil" */ = {
			isa = XCConfigurationList;
			buildConfigurations = (
				7CDBA7462215112700798814 /* Debug */,
				7CDBA7472215112700798814 /* Release */,
			);
			defaultConfigurationIsVisible = 0;
			defaultConfigurationName = Release;
		};
		7CDBA7482215112700798814 /* Build configuration list for PBXNativeTarget "MusicUtilTests" */ = {
			isa = XCConfigurationList;
			buildConfigurations = (
				7CDBA7492215112700798814 /* Debug */,
				7CDBA74A2215112700798814 /* Release */,
			);
			defaultConfigurationIsVisible = 0;
			defaultConfigurationName = Release;
		};
		7CDBA74B2215112700798814 /* Build configuration list for PBXNativeTarget "MusicUtilUITests" */ = {
			isa = XCConfigurationList;
			buildConfigurations = (
				7CDBA74C2215112700798814 /* Debug */,
				7CDBA74D2215112700798814 /* Release */,
			);
			defaultConfigurationIsVisible = 0;
			defaultConfigurationName = Release;
		};
/* End XCConfigurationList section */
	};
	rootObject = 7CDBA7132215112400798814 /* Project object */;
}
