// !$*UTF8*$!
{
	archiveVersion = 1;
	classes = {
	};
	objectVersion = 50;
	objects = {

/* Begin PBXBuildFile section */
		74B469E6221936FC0008BCB9 /* AVFoundation.framework in Frameworks */ = {isa = PBXBuildFile; fileRef = 74B469E5221936FC0008BCB9 /* AVFoundation.framework */; };
		74B469EC221A3B5E0008BCB9 /* A.mp3 in Resources */ = {isa = PBXBuildFile; fileRef = 74B469EB221A3B5E0008BCB9 /* A.mp3 */; };
		74B469F1221A3B750008BCB9 /* B.mp3 in Resources */ = {isa = PBXBuildFile; fileRef = 74B469ED221A3B740008BCB9 /* B.mp3 */; };
		74B469F2221A3B750008BCB9 /* C.mp3 in Resources */ = {isa = PBXBuildFile; fileRef = 74B469EE221A3B740008BCB9 /* C.mp3 */; };
		74B469F3221A3B750008BCB9 /* D.mp3 in Resources */ = {isa = PBXBuildFile; fileRef = 74B469EF221A3B740008BCB9 /* D.mp3 */; };
		74B469F4221A3B750008BCB9 /* E.mp3 in Resources */ = {isa = PBXBuildFile; fileRef = 74B469F0221A3B750008BCB9 /* E.mp3 */; };
		74B469F7221A3B840008BCB9 /* G.mp3 in Resources */ = {isa = PBXBuildFile; fileRef = 74B469F5221A3B830008BCB9 /* G.mp3 */; };
		74B469F8221A3B840008BCB9 /* F.mp3 in Resources */ = {isa = PBXBuildFile; fileRef = 74B469F6221A3B830008BCB9 /* F.mp3 */; };
		7CD9D03D2221EF1D007A783F /* Cbass2-1.png in Resources */ = {isa = PBXBuildFile; fileRef = 7CD9D0302221EF14007A783F /* Cbass2-1.png */; };
		7CD9D03E2221EF1D007A783F /* Gbass2-1.png in Resources */ = {isa = PBXBuildFile; fileRef = 7CD9D0312221EF15007A783F /* Gbass2-1.png */; };
		7CD9D03F2221EF1D007A783F /* Bbass1-1.png in Resources */ = {isa = PBXBuildFile; fileRef = 7CD9D0322221EF15007A783F /* Bbass1-1.png */; };
		7CD9D0402221EF1D007A783F /* Bbass2-1.png in Resources */ = {isa = PBXBuildFile; fileRef = 7CD9D0332221EF16007A783F /* Bbass2-1.png */; };
		7CD9D0412221EF1D007A783F /* Abass2-1.png in Resources */ = {isa = PBXBuildFile; fileRef = 7CD9D0342221EF16007A783F /* Abass2-1.png */; };
		7CD9D0422221EF1D007A783F /* Gbass1-1.png in Resources */ = {isa = PBXBuildFile; fileRef = 7CD9D0352221EF16007A783F /* Gbass1-1.png */; };
		7CD9D0432221EF1D007A783F /* Fbass2-1.png in Resources */ = {isa = PBXBuildFile; fileRef = 7CD9D0362221EF17007A783F /* Fbass2-1.png */; };
		7CD9D0442221EF1D007A783F /* Ebass-1.png in Resources */ = {isa = PBXBuildFile; fileRef = 7CD9D0372221EF18007A783F /* Ebass-1.png */; };
		7CD9D0452221EF1D007A783F /* Fbass1-1.png in Resources */ = {isa = PBXBuildFile; fileRef = 7CD9D0382221EF1B007A783F /* Fbass1-1.png */; };
		7CD9D0462221EF1D007A783F /* Abass1-1.png in Resources */ = {isa = PBXBuildFile; fileRef = 7CD9D0392221EF1C007A783F /* Abass1-1.png */; };
		7CD9D0472221EF1D007A783F /* Cbass1-1.png in Resources */ = {isa = PBXBuildFile; fileRef = 7CD9D03A2221EF1C007A783F /* Cbass1-1.png */; };
		7CD9D0482221EF1D007A783F /* Ebass2-1.png in Resources */ = {isa = PBXBuildFile; fileRef = 7CD9D03B2221EF1D007A783F /* Ebass2-1.png */; };
		7CD9D0492221EF1D007A783F /* Dbass1-1.png in Resources */ = {isa = PBXBuildFile; fileRef = 7CD9D03C2221EF1D007A783F /* Dbass1-1.png */; };
		7CD9D0562221EF4C007A783F /* Gtreble-1-1.png in Resources */ = {isa = PBXBuildFile; fileRef = 7CD9D04A2221EF48007A783F /* Gtreble-1-1.png */; };
		7CD9D0572221EF4C007A783F /* Atreble-1-1.png in Resources */ = {isa = PBXBuildFile; fileRef = 7CD9D04B2221EF49007A783F /* Atreble-1-1.png */; };
		7CD9D0582221EF4C007A783F /* Ctreble-2-1.png in Resources */ = {isa = PBXBuildFile; fileRef = 7CD9D04C2221EF49007A783F /* Ctreble-2-1.png */; };
		7CD9D0592221EF4C007A783F /* Ftreble-2-1.png in Resources */ = {isa = PBXBuildFile; fileRef = 7CD9D04D2221EF49007A783F /* Ftreble-2-1.png */; };
		7CD9D05A2221EF4C007A783F /* Btreble-1-1.png in Resources */ = {isa = PBXBuildFile; fileRef = 7CD9D04E2221EF4A007A783F /* Btreble-1-1.png */; };
		7CD9D05B2221EF4C007A783F /* Ctreble-1-1.png in Resources */ = {isa = PBXBuildFile; fileRef = 7CD9D04F2221EF4A007A783F /* Ctreble-1-1.png */; };
		7CD9D0602221EF4C007A783F /* Etreble-2-1.png in Resources */ = {isa = PBXBuildFile; fileRef = 7CD9D0542221EF4B007A783F /* Etreble-2-1.png */; };
		7CD9D0612221EF4C007A783F /* Ftreble-1-1.png in Resources */ = {isa = PBXBuildFile; fileRef = 7CD9D0552221EF4C007A783F /* Ftreble-1-1.png */; };
		7CD9D06322222F85007A783F /* StaffNote.swift in Sources */ = {isa = PBXBuildFile; fileRef = 7CD9D06222222F84007A783F /* StaffNote.swift */; };
		7CD9D06522226A6E007A783F /* Dtreble-1-1.png in Resources */ = {isa = PBXBuildFile; fileRef = 7CD9D06422226A6D007A783F /* Dtreble-1-1.png */; };
		7CD9D06722226A8A007A783F /* Dtreble2-1.png in Resources */ = {isa = PBXBuildFile; fileRef = 7CD9D06622226A89007A783F /* Dtreble2-1.png */; };
		7CD9D06922226B66007A783F /* Etreble-1-1.png in Resources */ = {isa = PBXBuildFile; fileRef = 7CD9D06822226B66007A783F /* Etreble-1-1.png */; };
		7CD9D06B22226BD4007A783F /* Gtreble-2-1.png in Resources */ = {isa = PBXBuildFile; fileRef = 7CD9D06A22226BD3007A783F /* Gtreble-2-1.png */; };
		7CDB6EE12217C44000DF57EB /* SheetReadViewController.swift in Sources */ = {isa = PBXBuildFile; fileRef = 7CDB6EE02217C44000DF57EB /* SheetReadViewController.swift */; };
		7CDBA71F2215112400798814 /* AppDelegate.swift in Sources */ = {isa = PBXBuildFile; fileRef = 7CDBA71E2215112400798814 /* AppDelegate.swift */; };
		7CDBA7212215112400798814 /* TunerViewController.swift in Sources */ = {isa = PBXBuildFile; fileRef = 7CDBA7202215112400798814 /* TunerViewController.swift */; };
		7CDBA7232215112400798814 /* EarTrainViewController.swift in Sources */ = {isa = PBXBuildFile; fileRef = 7CDBA7222215112400798814 /* EarTrainViewController.swift */; };
		7CDBA7262215112400798814 /* Main.storyboard in Resources */ = {isa = PBXBuildFile; fileRef = 7CDBA7242215112400798814 /* Main.storyboard */; };
		7CDBA7282215112700798814 /* Assets.xcassets in Resources */ = {isa = PBXBuildFile; fileRef = 7CDBA7272215112700798814 /* Assets.xcassets */; };
		7CDBA72B2215112700798814 /* LaunchScreen.storyboard in Resources */ = {isa = PBXBuildFile; fileRef = 7CDBA7292215112700798814 /* LaunchScreen.storyboard */; };
		7CDBA7362215112700798814 /* SimpleTabUITests.swift in Sources */ = {isa = PBXBuildFile; fileRef = 7CDBA7352215112700798814 /* SimpleTabUITests.swift */; };
		7CDBA7412215112700798814 /* SimpleTabUIUITests.swift in Sources */ = {isa = PBXBuildFile; fileRef = 7CDBA7402215112700798814 /* SimpleTabUIUITests.swift */; };
		7CDBDC332218C0C20078BA32 /* StaffView.swift in Sources */ = {isa = PBXBuildFile; fileRef = 7CDBDC322218C0C20078BA32 /* StaffView.swift */; };
/* End PBXBuildFile section */

/* Begin PBXContainerItemProxy section */
		7CDBA7322215112700798814 /* PBXContainerItemProxy */ = {
			isa = PBXContainerItemProxy;
			containerPortal = 7CDBA7132215112400798814 /* Project object */;
			proxyType = 1;
			remoteGlobalIDString = 7CDBA71A2215112400798814;
			remoteInfo = SimpleTabUI;
		};
		7CDBA73D2215112700798814 /* PBXContainerItemProxy */ = {
			isa = PBXContainerItemProxy;
			containerPortal = 7CDBA7132215112400798814 /* Project object */;
			proxyType = 1;
			remoteGlobalIDString = 7CDBA71A2215112400798814;
			remoteInfo = SimpleTabUI;
		};
/* End PBXContainerItemProxy section */

/* Begin PBXFileReference section */
		74B469E5221936FC0008BCB9 /* AVFoundation.framework */ = {isa = PBXFileReference; lastKnownFileType = wrapper.framework; name = AVFoundation.framework; path = System/Library/Frameworks/AVFoundation.framework; sourceTree = SDKROOT; };
		74B469EB221A3B5E0008BCB9 /* A.mp3 */ = {isa = PBXFileReference; lastKnownFileType = audio.mp3; path = A.mp3; sourceTree = "<group>"; };
		74B469ED221A3B740008BCB9 /* B.mp3 */ = {isa = PBXFileReference; lastKnownFileType = audio.mp3; path = B.mp3; sourceTree = "<group>"; };
		74B469EE221A3B740008BCB9 /* C.mp3 */ = {isa = PBXFileReference; lastKnownFileType = audio.mp3; path = C.mp3; sourceTree = "<group>"; };
		74B469EF221A3B740008BCB9 /* D.mp3 */ = {isa = PBXFileReference; lastKnownFileType = audio.mp3; path = D.mp3; sourceTree = "<group>"; };
		74B469F0221A3B750008BCB9 /* E.mp3 */ = {isa = PBXFileReference; lastKnownFileType = audio.mp3; path = E.mp3; sourceTree = "<group>"; };
		74B469F5221A3B830008BCB9 /* G.mp3 */ = {isa = PBXFileReference; lastKnownFileType = audio.mp3; path = G.mp3; sourceTree = "<group>"; };
		74B469F6221A3B830008BCB9 /* F.mp3 */ = {isa = PBXFileReference; lastKnownFileType = audio.mp3; path = F.mp3; sourceTree = "<group>"; };
		7CD9D0302221EF14007A783F /* Cbass2-1.png */ = {isa = PBXFileReference; lastKnownFileType = image.png; path = "Cbass2-1.png"; sourceTree = "<group>"; };
		7CD9D0312221EF15007A783F /* Gbass2-1.png */ = {isa = PBXFileReference; lastKnownFileType = image.png; path = "Gbass2-1.png"; sourceTree = "<group>"; };
		7CD9D0322221EF15007A783F /* Bbass1-1.png */ = {isa = PBXFileReference; lastKnownFileType = image.png; path = "Bbass1-1.png"; sourceTree = "<group>"; };
		7CD9D0332221EF16007A783F /* Bbass2-1.png */ = {isa = PBXFileReference; lastKnownFileType = image.png; path = "Bbass2-1.png"; sourceTree = "<group>"; };
		7CD9D0342221EF16007A783F /* Abass2-1.png */ = {isa = PBXFileReference; lastKnownFileType = image.png; path = "Abass2-1.png"; sourceTree = "<group>"; };
		7CD9D0352221EF16007A783F /* Gbass1-1.png */ = {isa = PBXFileReference; lastKnownFileType = image.png; path = "Gbass1-1.png"; sourceTree = "<group>"; };
		7CD9D0362221EF17007A783F /* Fbass2-1.png */ = {isa = PBXFileReference; lastKnownFileType = image.png; path = "Fbass2-1.png"; sourceTree = "<group>"; };
		7CD9D0372221EF18007A783F /* Ebass-1.png */ = {isa = PBXFileReference; lastKnownFileType = image.png; path = "Ebass-1.png"; sourceTree = "<group>"; };
		7CD9D0382221EF1B007A783F /* Fbass1-1.png */ = {isa = PBXFileReference; lastKnownFileType = image.png; path = "Fbass1-1.png"; sourceTree = "<group>"; };
		7CD9D0392221EF1C007A783F /* Abass1-1.png */ = {isa = PBXFileReference; lastKnownFileType = image.png; path = "Abass1-1.png"; sourceTree = "<group>"; };
		7CD9D03A2221EF1C007A783F /* Cbass1-1.png */ = {isa = PBXFileReference; lastKnownFileType = image.png; path = "Cbass1-1.png"; sourceTree = "<group>"; };
		7CD9D03B2221EF1D007A783F /* Ebass2-1.png */ = {isa = PBXFileReference; lastKnownFileType = image.png; path = "Ebass2-1.png"; sourceTree = "<group>"; };
		7CD9D03C2221EF1D007A783F /* Dbass1-1.png */ = {isa = PBXFileReference; lastKnownFileType = image.png; path = "Dbass1-1.png"; sourceTree = "<group>"; };
		7CD9D04A2221EF48007A783F /* Gtreble-1-1.png */ = {isa = PBXFileReference; lastKnownFileType = image.png; path = "Gtreble-1-1.png"; sourceTree = "<group>"; };
		7CD9D04B2221EF49007A783F /* Atreble-1-1.png */ = {isa = PBXFileReference; lastKnownFileType = image.png; path = "Atreble-1-1.png"; sourceTree = "<group>"; };
		7CD9D04C2221EF49007A783F /* Ctreble-2-1.png */ = {isa = PBXFileReference; lastKnownFileType = image.png; path = "Ctreble-2-1.png"; sourceTree = "<group>"; };
		7CD9D04D2221EF49007A783F /* Ftreble-2-1.png */ = {isa = PBXFileReference; lastKnownFileType = image.png; path = "Ftreble-2-1.png"; sourceTree = "<group>"; };
		7CD9D04E2221EF4A007A783F /* Btreble-1-1.png */ = {isa = PBXFileReference; lastKnownFileType = image.png; path = "Btreble-1-1.png"; sourceTree = "<group>"; };
		7CD9D04F2221EF4A007A783F /* Ctreble-1-1.png */ = {isa = PBXFileReference; lastKnownFileType = image.png; path = "Ctreble-1-1.png"; sourceTree = "<group>"; };
		7CD9D0542221EF4B007A783F /* Etreble-2-1.png */ = {isa = PBXFileReference; lastKnownFileType = image.png; path = "Etreble-2-1.png"; sourceTree = "<group>"; };
		7CD9D0552221EF4C007A783F /* Ftreble-1-1.png */ = {isa = PBXFileReference; lastKnownFileType = image.png; path = "Ftreble-1-1.png"; sourceTree = "<group>"; };
		7CD9D06222222F84007A783F /* StaffNote.swift */ = {isa = PBXFileReference; lastKnownFileType = sourcecode.swift; path = StaffNote.swift; sourceTree = "<group>"; };
		7CD9D06422226A6D007A783F /* Dtreble-1-1.png */ = {isa = PBXFileReference; lastKnownFileType = image.png; path = "Dtreble-1-1.png"; sourceTree = "<group>"; };
		7CD9D06622226A89007A783F /* Dtreble2-1.png */ = {isa = PBXFileReference; lastKnownFileType = image.png; path = "Dtreble2-1.png"; sourceTree = "<group>"; };
		7CD9D06822226B66007A783F /* Etreble-1-1.png */ = {isa = PBXFileReference; lastKnownFileType = image.png; path = "Etreble-1-1.png"; sourceTree = "<group>"; };
		7CD9D06A22226BD3007A783F /* Gtreble-2-1.png */ = {isa = PBXFileReference; lastKnownFileType = image.png; path = "Gtreble-2-1.png"; sourceTree = "<group>"; };
		7CDB6EE02217C44000DF57EB /* SheetReadViewController.swift */ = {isa = PBXFileReference; lastKnownFileType = sourcecode.swift; path = SheetReadViewController.swift; sourceTree = "<group>"; };
		7CDBA71B2215112400798814 /* SimpleTabUI.app */ = {isa = PBXFileReference; explicitFileType = wrapper.application; includeInIndex = 0; path = SimpleTabUI.app; sourceTree = BUILT_PRODUCTS_DIR; };
		7CDBA71E2215112400798814 /* AppDelegate.swift */ = {isa = PBXFileReference; lastKnownFileType = sourcecode.swift; path = AppDelegate.swift; sourceTree = "<group>"; };
		7CDBA7202215112400798814 /* TunerViewController.swift */ = {isa = PBXFileReference; lastKnownFileType = sourcecode.swift; path = TunerViewController.swift; sourceTree = "<group>"; };
		7CDBA7222215112400798814 /* EarTrainViewController.swift */ = {isa = PBXFileReference; lastKnownFileType = sourcecode.swift; path = EarTrainViewController.swift; sourceTree = "<group>"; };
		7CDBA7252215112400798814 /* Base */ = {isa = PBXFileReference; lastKnownFileType = file.storyboard; name = Base; path = Base.lproj/Main.storyboard; sourceTree = "<group>"; };
		7CDBA7272215112700798814 /* Assets.xcassets */ = {isa = PBXFileReference; lastKnownFileType = folder.assetcatalog; path = Assets.xcassets; sourceTree = "<group>"; };
		7CDBA72A2215112700798814 /* Base */ = {isa = PBXFileReference; lastKnownFileType = file.storyboard; name = Base; path = Base.lproj/LaunchScreen.storyboard; sourceTree = "<group>"; };
		7CDBA72C2215112700798814 /* Info.plist */ = {isa = PBXFileReference; lastKnownFileType = text.plist.xml; path = Info.plist; sourceTree = "<group>"; };
		7CDBA7312215112700798814 /* SimpleTabUITests.xctest */ = {isa = PBXFileReference; explicitFileType = wrapper.cfbundle; includeInIndex = 0; path = SimpleTabUITests.xctest; sourceTree = BUILT_PRODUCTS_DIR; };
		7CDBA7352215112700798814 /* SimpleTabUITests.swift */ = {isa = PBXFileReference; lastKnownFileType = sourcecode.swift; path = SimpleTabUITests.swift; sourceTree = "<group>"; };
		7CDBA7372215112700798814 /* Info.plist */ = {isa = PBXFileReference; lastKnownFileType = text.plist.xml; path = Info.plist; sourceTree = "<group>"; };
		7CDBA73C2215112700798814 /* SimpleTabUIUITests.xctest */ = {isa = PBXFileReference; explicitFileType = wrapper.cfbundle; includeInIndex = 0; path = SimpleTabUIUITests.xctest; sourceTree = BUILT_PRODUCTS_DIR; };
		7CDBA7402215112700798814 /* SimpleTabUIUITests.swift */ = {isa = PBXFileReference; lastKnownFileType = sourcecode.swift; path = SimpleTabUIUITests.swift; sourceTree = "<group>"; };
		7CDBA7422215112700798814 /* Info.plist */ = {isa = PBXFileReference; lastKnownFileType = text.plist.xml; path = Info.plist; sourceTree = "<group>"; };
		7CDBDC322218C0C20078BA32 /* StaffView.swift */ = {isa = PBXFileReference; lastKnownFileType = sourcecode.swift; path = StaffView.swift; sourceTree = "<group>"; };
/* End PBXFileReference section */

/* Begin PBXFrameworksBuildPhase section */
		7CDBA7182215112400798814 /* Frameworks */ = {
			isa = PBXFrameworksBuildPhase;
			buildActionMask = 2147483647;
			files = (
				74B469E6221936FC0008BCB9 /* AVFoundation.framework in Frameworks */,
			);
			runOnlyForDeploymentPostprocessing = 0;
		};
		7CDBA72E2215112700798814 /* Frameworks */ = {
			isa = PBXFrameworksBuildPhase;
			buildActionMask = 2147483647;
			files = (
			);
			runOnlyForDeploymentPostprocessing = 0;
		};
		7CDBA7392215112700798814 /* Frameworks */ = {
			isa = PBXFrameworksBuildPhase;
			buildActionMask = 2147483647;
			files = (
			);
			runOnlyForDeploymentPostprocessing = 0;
		};
/* End PBXFrameworksBuildPhase section */

/* Begin PBXGroup section */
		74B469E4221936F10008BCB9 /* Frameworks */ = {
			isa = PBXGroup;
			children = (
				74B469E5221936FC0008BCB9 /* AVFoundation.framework */,
			);
			name = Frameworks;
			sourceTree = "<group>";
		};
		7CD9CFFC221F4D81007A783F /* Bass */ = {
			isa = PBXGroup;
			children = (
				7CD9D0392221EF1C007A783F /* Abass1-1.png */,
				7CD9D0342221EF16007A783F /* Abass2-1.png */,
				7CD9D0322221EF15007A783F /* Bbass1-1.png */,
				7CD9D0332221EF16007A783F /* Bbass2-1.png */,
				7CD9D03A2221EF1C007A783F /* Cbass1-1.png */,
				7CD9D0302221EF14007A783F /* Cbass2-1.png */,
				7CD9D03C2221EF1D007A783F /* Dbass1-1.png */,
				7CD9D0372221EF18007A783F /* Ebass-1.png */,
				7CD9D03B2221EF1D007A783F /* Ebass2-1.png */,
				7CD9D0382221EF1B007A783F /* Fbass1-1.png */,
				7CD9D0362221EF17007A783F /* Fbass2-1.png */,
				7CD9D0352221EF16007A783F /* Gbass1-1.png */,
				7CD9D0312221EF15007A783F /* Gbass2-1.png */,
			);
			path = Bass;
			sourceTree = "<group>";
		};
		7CD9D017221F4D9D007A783F /* Treble */ = {
			isa = PBXGroup;
			children = (
				7CD9D04B2221EF49007A783F /* Atreble-1-1.png */,
				7CD9D04E2221EF4A007A783F /* Btreble-1-1.png */,
				7CD9D04C2221EF49007A783F /* Ctreble-2-1.png */,
				7CD9D04F2221EF4A007A783F /* Ctreble-1-1.png */,
				7CD9D06422226A6D007A783F /* Dtreble-1-1.png */,
				7CD9D06622226A89007A783F /* Dtreble2-1.png */,
				7CD9D06822226B66007A783F /* Etreble-1-1.png */,
				7CD9D0542221EF4B007A783F /* Etreble-2-1.png */,
				7CD9D0552221EF4C007A783F /* Ftreble-1-1.png */,
				7CD9D04D2221EF49007A783F /* Ftreble-2-1.png */,
				7CD9D06A22226BD3007A783F /* Gtreble-2-1.png */,
				7CD9D04A2221EF48007A783F /* Gtreble-1-1.png */,
			);
			path = Treble;
			sourceTree = "<group>";
		};
		7CDB5AF9221B55D200B7658F /* StaffImages */ = {
			isa = PBXGroup;
			children = (
				7CD9D017221F4D9D007A783F /* Treble */,
				7CD9CFFC221F4D81007A783F /* Bass */,
			);
			path = StaffImages;
			sourceTree = "<group>";
		};
		7CDBA7122215112400798814 = {
			isa = PBXGroup;
			children = (
				7CDB5AF9221B55D200B7658F /* StaffImages */,
				7CDBA71D2215112400798814 /* SimpleTabUI */,
				7CDBA7342215112700798814 /* SimpleTabUITests */,
				7CDBA73F2215112700798814 /* SimpleTabUIUITests */,
				7CDBA71C2215112400798814 /* Products */,
				74B469EB221A3B5E0008BCB9 /* A.mp3 */,
				74B469ED221A3B740008BCB9 /* B.mp3 */,
				74B469EE221A3B740008BCB9 /* C.mp3 */,
				74B469EF221A3B740008BCB9 /* D.mp3 */,
				74B469F0221A3B750008BCB9 /* E.mp3 */,
				74B469F6221A3B830008BCB9 /* F.mp3 */,
				74B469F5221A3B830008BCB9 /* G.mp3 */,
				74B469E4221936F10008BCB9 /* Frameworks */,
			);
			sourceTree = "<group>";
		};
		7CDBA71C2215112400798814 /* Products */ = {
			isa = PBXGroup;
			children = (
				7CDBA71B2215112400798814 /* SimpleTabUI.app */,
				7CDBA7312215112700798814 /* SimpleTabUITests.xctest */,
				7CDBA73C2215112700798814 /* SimpleTabUIUITests.xctest */,
			);
			name = Products;
			sourceTree = "<group>";
		};
		7CDBA71D2215112400798814 /* SimpleTabUI */ = {
			isa = PBXGroup;
			children = (
				7CDBA71E2215112400798814 /* AppDelegate.swift */,
				7CDBA7202215112400798814 /* TunerViewController.swift */,
				7CDB6EE02217C44000DF57EB /* SheetReadViewController.swift */,
				7CDBA7222215112400798814 /* EarTrainViewController.swift */,
				7CD9D06222222F84007A783F /* StaffNote.swift */,
				7CDBA7242215112400798814 /* Main.storyboard */,
				7CDBDC322218C0C20078BA32 /* StaffView.swift */,
				7CDBA7272215112700798814 /* Assets.xcassets */,
				7CDBA7292215112700798814 /* LaunchScreen.storyboard */,
				7CDBA72C2215112700798814 /* Info.plist */,
			);
			path = SimpleTabUI;
			sourceTree = "<group>";
		};
		7CDBA7342215112700798814 /* SimpleTabUITests */ = {
			isa = PBXGroup;
			children = (
				7CDBA7352215112700798814 /* SimpleTabUITests.swift */,
				7CDBA7372215112700798814 /* Info.plist */,
			);
			path = SimpleTabUITests;
			sourceTree = "<group>";
		};
		7CDBA73F2215112700798814 /* SimpleTabUIUITests */ = {
			isa = PBXGroup;
			children = (
				7CDBA7402215112700798814 /* SimpleTabUIUITests.swift */,
				7CDBA7422215112700798814 /* Info.plist */,
			);
			path = SimpleTabUIUITests;
			sourceTree = "<group>";
		};
/* End PBXGroup section */

/* Begin PBXNativeTarget section */
		7CDBA71A2215112400798814 /* SimpleTabUI */ = {
			isa = PBXNativeTarget;
			buildConfigurationList = 7CDBA7452215112700798814 /* Build configuration list for PBXNativeTarget "SimpleTabUI" */;
			buildPhases = (
				7CDBA7172215112400798814 /* Sources */,
				7CDBA7182215112400798814 /* Frameworks */,
				7CDBA7192215112400798814 /* Resources */,
			);
			buildRules = (
			);
			dependencies = (
			);
			name = SimpleTabUI;
			productName = SimpleTabUI;
			productReference = 7CDBA71B2215112400798814 /* SimpleTabUI.app */;
			productType = "com.apple.product-type.application";
		};
		7CDBA7302215112700798814 /* SimpleTabUITests */ = {
			isa = PBXNativeTarget;
			buildConfigurationList = 7CDBA7482215112700798814 /* Build configuration list for PBXNativeTarget "SimpleTabUITests" */;
			buildPhases = (
				7CDBA72D2215112700798814 /* Sources */,
				7CDBA72E2215112700798814 /* Frameworks */,
				7CDBA72F2215112700798814 /* Resources */,
			);
			buildRules = (
			);
			dependencies = (
				7CDBA7332215112700798814 /* PBXTargetDependency */,
			);
			name = SimpleTabUITests;
			productName = SimpleTabUITests;
			productReference = 7CDBA7312215112700798814 /* SimpleTabUITests.xctest */;
			productType = "com.apple.product-type.bundle.unit-test";
		};
		7CDBA73B2215112700798814 /* SimpleTabUIUITests */ = {
			isa = PBXNativeTarget;
			buildConfigurationList = 7CDBA74B2215112700798814 /* Build configuration list for PBXNativeTarget "SimpleTabUIUITests" */;
			buildPhases = (
				7CDBA7382215112700798814 /* Sources */,
				7CDBA7392215112700798814 /* Frameworks */,
				7CDBA73A2215112700798814 /* Resources */,
			);
			buildRules = (
			);
			dependencies = (
				7CDBA73E2215112700798814 /* PBXTargetDependency */,
			);
			name = SimpleTabUIUITests;
			productName = SimpleTabUIUITests;
			productReference = 7CDBA73C2215112700798814 /* SimpleTabUIUITests.xctest */;
			productType = "com.apple.product-type.bundle.ui-testing";
		};
/* End PBXNativeTarget section */

/* Begin PBXProject section */
		7CDBA7132215112400798814 /* Project object */ = {
			isa = PBXProject;
			attributes = {
				LastSwiftUpdateCheck = 1010;
				LastUpgradeCheck = 1010;
				ORGANIZATIONNAME = Joseph;
				TargetAttributes = {
					7CDBA71A2215112400798814 = {
						CreatedOnToolsVersion = 10.1;
					};
					7CDBA7302215112700798814 = {
						CreatedOnToolsVersion = 10.1;
						TestTargetID = 7CDBA71A2215112400798814;
					};
					7CDBA73B2215112700798814 = {
						CreatedOnToolsVersion = 10.1;
						TestTargetID = 7CDBA71A2215112400798814;
					};
				};
			};
			buildConfigurationList = 7CDBA7162215112400798814 /* Build configuration list for PBXProject "SimpleTabUI" */;
			compatibilityVersion = "Xcode 9.3";
			developmentRegion = en;
			hasScannedForEncodings = 0;
			knownRegions = (
				en,
				Base,
			);
			mainGroup = 7CDBA7122215112400798814;
			productRefGroup = 7CDBA71C2215112400798814 /* Products */;
			projectDirPath = "";
			projectRoot = "";
			targets = (
				7CDBA71A2215112400798814 /* SimpleTabUI */,
				7CDBA7302215112700798814 /* SimpleTabUITests */,
				7CDBA73B2215112700798814 /* SimpleTabUIUITests */,
			);
		};
/* End PBXProject section */

/* Begin PBXResourcesBuildPhase section */
		7CDBA7192215112400798814 /* Resources */ = {
			isa = PBXResourcesBuildPhase;
			buildActionMask = 2147483647;
			files = (
				7CD9D0602221EF4C007A783F /* Etreble-2-1.png in Resources */,
				74B469F8221A3B840008BCB9 /* F.mp3 in Resources */,
				7CD9D0412221EF1D007A783F /* Abass2-1.png in Resources */,
				7CD9D0492221EF1D007A783F /* Dbass1-1.png in Resources */,
				7CD9D0562221EF4C007A783F /* Gtreble-1-1.png in Resources */,
				74B469F7221A3B840008BCB9 /* G.mp3 in Resources */,
				7CD9D05B2221EF4C007A783F /* Ctreble-1-1.png in Resources */,
				7CD9D0612221EF4C007A783F /* Ftreble-1-1.png in Resources */,
				74B469F2221A3B750008BCB9 /* C.mp3 in Resources */,
				7CD9D0472221EF1D007A783F /* Cbass1-1.png in Resources */,
				7CDBA72B2215112700798814 /* LaunchScreen.storyboard in Resources */,
				74B469F4221A3B750008BCB9 /* E.mp3 in Resources */,
				7CD9D0572221EF4C007A783F /* Atreble-1-1.png in Resources */,
				7CD9D05A2221EF4C007A783F /* Btreble-1-1.png in Resources */,
				74B469EC221A3B5E0008BCB9 /* A.mp3 in Resources */,
				7CD9D0592221EF4C007A783F /* Ftreble-2-1.png in Resources */,
				74B469F1221A3B750008BCB9 /* B.mp3 in Resources */,
				7CDBA7282215112700798814 /* Assets.xcassets in Resources */,
				7CD9D06522226A6E007A783F /* Dtreble-1-1.png in Resources */,
				7CDBA7262215112400798814 /* Main.storyboard in Resources */,
				74B469F3221A3B750008BCB9 /* D.mp3 in Resources */,
				7CD9D0402221EF1D007A783F /* Bbass2-1.png in Resources */,
				7CD9D0582221EF4C007A783F /* Ctreble-2-1.png in Resources */,
				7CD9D06B22226BD4007A783F /* Gtreble-2-1.png in Resources */,
				7CD9D0482221EF1D007A783F /* Ebass2-1.png in Resources */,
				7CD9D03D2221EF1D007A783F /* Cbass2-1.png in Resources */,
				7CD9D06922226B66007A783F /* Etreble-1-1.png in Resources */,
				7CD9D06722226A8A007A783F /* Dtreble2-1.png in Resources */,
				7CD9D03F2221EF1D007A783F /* Bbass1-1.png in Resources */,
				7CD9D0452221EF1D007A783F /* Fbass1-1.png in Resources */,
				7CD9D0442221EF1D007A783F /* Ebass-1.png in Resources */,
				7CD9D0462221EF1D007A783F /* Abass1-1.png in Resources */,
				7CD9D0422221EF1D007A783F /* Gbass1-1.png in Resources */,
				7CD9D03E2221EF1D007A783F /* Gbass2-1.png in Resources */,
				7CD9D0432221EF1D007A783F /* Fbass2-1.png in Resources */,
			);
			runOnlyForDeploymentPostprocessing = 0;
		};
		7CDBA72F2215112700798814 /* Resources */ = {
			isa = PBXResourcesBuildPhase;
			buildActionMask = 2147483647;
			files = (
			);
			runOnlyForDeploymentPostprocessing = 0;
		};
		7CDBA73A2215112700798814 /* Resources */ = {
			isa = PBXResourcesBuildPhase;
			buildActionMask = 2147483647;
			files = (
			);
			runOnlyForDeploymentPostprocessing = 0;
		};
/* End PBXResourcesBuildPhase section */

/* Begin PBXSourcesBuildPhase section */
		7CDBA7172215112400798814 /* Sources */ = {
			isa = PBXSourcesBuildPhase;
			buildActionMask = 2147483647;
			files = (
				7CD9D06322222F85007A783F /* StaffNote.swift in Sources */,
				7CDB6EE12217C44000DF57EB /* SheetReadViewController.swift in Sources */,
				7CDBDC332218C0C20078BA32 /* StaffView.swift in Sources */,
				7CDBA7232215112400798814 /* EarTrainViewController.swift in Sources */,
				7CDBA71F2215112400798814 /* AppDelegate.swift in Sources */,
				7CDBA7212215112400798814 /* TunerViewController.swift in Sources */,
			);
			runOnlyForDeploymentPostprocessing = 0;
		};
		7CDBA72D2215112700798814 /* Sources */ = {
			isa = PBXSourcesBuildPhase;
			buildActionMask = 2147483647;
			files = (
				7CDBA7362215112700798814 /* SimpleTabUITests.swift in Sources */,
			);
			runOnlyForDeploymentPostprocessing = 0;
		};
		7CDBA7382215112700798814 /* Sources */ = {
			isa = PBXSourcesBuildPhase;
			buildActionMask = 2147483647;
			files = (
				7CDBA7412215112700798814 /* SimpleTabUIUITests.swift in Sources */,
			);
			runOnlyForDeploymentPostprocessing = 0;
		};
/* End PBXSourcesBuildPhase section */

/* Begin PBXTargetDependency section */
		7CDBA7332215112700798814 /* PBXTargetDependency */ = {
			isa = PBXTargetDependency;
			target = 7CDBA71A2215112400798814 /* SimpleTabUI */;
			targetProxy = 7CDBA7322215112700798814 /* PBXContainerItemProxy */;
		};
		7CDBA73E2215112700798814 /* PBXTargetDependency */ = {
			isa = PBXTargetDependency;
			target = 7CDBA71A2215112400798814 /* SimpleTabUI */;
			targetProxy = 7CDBA73D2215112700798814 /* PBXContainerItemProxy */;
		};
/* End PBXTargetDependency section */

/* Begin PBXVariantGroup section */
		7CDBA7242215112400798814 /* Main.storyboard */ = {
			isa = PBXVariantGroup;
			children = (
				7CDBA7252215112400798814 /* Base */,
			);
			name = Main.storyboard;
			sourceTree = "<group>";
		};
		7CDBA7292215112700798814 /* LaunchScreen.storyboard */ = {
			isa = PBXVariantGroup;
			children = (
				7CDBA72A2215112700798814 /* Base */,
			);
			name = LaunchScreen.storyboard;
			sourceTree = "<group>";
		};
/* End PBXVariantGroup section */

/* Begin XCBuildConfiguration section */
		7CDBA7432215112700798814 /* Debug */ = {
			isa = XCBuildConfiguration;
			buildSettings = {
				ALWAYS_SEARCH_USER_PATHS = NO;
				CLANG_ANALYZER_NONNULL = YES;
				CLANG_ANALYZER_NUMBER_OBJECT_CONVERSION = YES_AGGRESSIVE;
				CLANG_CXX_LANGUAGE_STANDARD = "gnu++14";
				CLANG_CXX_LIBRARY = "libc++";
				CLANG_ENABLE_MODULES = YES;
				CLANG_ENABLE_OBJC_ARC = YES;
				CLANG_ENABLE_OBJC_WEAK = YES;
				CLANG_WARN_BLOCK_CAPTURE_AUTORELEASING = YES;
				CLANG_WARN_BOOL_CONVERSION = YES;
				CLANG_WARN_COMMA = YES;
				CLANG_WARN_CONSTANT_CONVERSION = YES;
				CLANG_WARN_DEPRECATED_OBJC_IMPLEMENTATIONS = YES;
				CLANG_WARN_DIRECT_OBJC_ISA_USAGE = YES_ERROR;
				CLANG_WARN_DOCUMENTATION_COMMENTS = YES;
				CLANG_WARN_EMPTY_BODY = YES;
				CLANG_WARN_ENUM_CONVERSION = YES;
				CLANG_WARN_INFINITE_RECURSION = YES;
				CLANG_WARN_INT_CONVERSION = YES;
				CLANG_WARN_NON_LITERAL_NULL_CONVERSION = YES;
				CLANG_WARN_OBJC_IMPLICIT_RETAIN_SELF = YES;
				CLANG_WARN_OBJC_LITERAL_CONVERSION = YES;
				CLANG_WARN_OBJC_ROOT_CLASS = YES_ERROR;
				CLANG_WARN_RANGE_LOOP_ANALYSIS = YES;
				CLANG_WARN_STRICT_PROTOTYPES = YES;
				CLANG_WARN_SUSPICIOUS_MOVE = YES;
				CLANG_WARN_UNGUARDED_AVAILABILITY = YES_AGGRESSIVE;
				CLANG_WARN_UNREACHABLE_CODE = YES;
				CLANG_WARN__DUPLICATE_METHOD_MATCH = YES;
				CODE_SIGN_IDENTITY = "iPhone Developer";
				COPY_PHASE_STRIP = NO;
				DEBUG_INFORMATION_FORMAT = dwarf;
				ENABLE_STRICT_OBJC_MSGSEND = YES;
				ENABLE_TESTABILITY = YES;
				GCC_C_LANGUAGE_STANDARD = gnu11;
				GCC_DYNAMIC_NO_PIC = NO;
				GCC_NO_COMMON_BLOCKS = YES;
				GCC_OPTIMIZATION_LEVEL = 0;
				GCC_PREPROCESSOR_DEFINITIONS = (
					"DEBUG=1",
					"$(inherited)",
				);
				GCC_WARN_64_TO_32_BIT_CONVERSION = YES;
				GCC_WARN_ABOUT_RETURN_TYPE = YES_ERROR;
				GCC_WARN_UNDECLARED_SELECTOR = YES;
				GCC_WARN_UNINITIALIZED_AUTOS = YES_AGGRESSIVE;
				GCC_WARN_UNUSED_FUNCTION = YES;
				GCC_WARN_UNUSED_VARIABLE = YES;
				IPHONEOS_DEPLOYMENT_TARGET = 12.1;
				MTL_ENABLE_DEBUG_INFO = INCLUDE_SOURCE;
				MTL_FAST_MATH = YES;
				ONLY_ACTIVE_ARCH = YES;
				SDKROOT = iphoneos;
				SWIFT_ACTIVE_COMPILATION_CONDITIONS = DEBUG;
				SWIFT_OPTIMIZATION_LEVEL = "-Onone";
			};
			name = Debug;
		};
		7CDBA7442215112700798814 /* Release */ = {
			isa = XCBuildConfiguration;
			buildSettings = {
				ALWAYS_SEARCH_USER_PATHS = NO;
				CLANG_ANALYZER_NONNULL = YES;
				CLANG_ANALYZER_NUMBER_OBJECT_CONVERSION = YES_AGGRESSIVE;
				CLANG_CXX_LANGUAGE_STANDARD = "gnu++14";
				CLANG_CXX_LIBRARY = "libc++";
				CLANG_ENABLE_MODULES = YES;
				CLANG_ENABLE_OBJC_ARC = YES;
				CLANG_ENABLE_OBJC_WEAK = YES;
				CLANG_WARN_BLOCK_CAPTURE_AUTORELEASING = YES;
				CLANG_WARN_BOOL_CONVERSION = YES;
				CLANG_WARN_COMMA = YES;
				CLANG_WARN_CONSTANT_CONVERSION = YES;
				CLANG_WARN_DEPRECATED_OBJC_IMPLEMENTATIONS = YES;
				CLANG_WARN_DIRECT_OBJC_ISA_USAGE = YES_ERROR;
				CLANG_WARN_DOCUMENTATION_COMMENTS = YES;
				CLANG_WARN_EMPTY_BODY = YES;
				CLANG_WARN_ENUM_CONVERSION = YES;
				CLANG_WARN_INFINITE_RECURSION = YES;
				CLANG_WARN_INT_CONVERSION = YES;
				CLANG_WARN_NON_LITERAL_NULL_CONVERSION = YES;
				CLANG_WARN_OBJC_IMPLICIT_RETAIN_SELF = YES;
				CLANG_WARN_OBJC_LITERAL_CONVERSION = YES;
				CLANG_WARN_OBJC_ROOT_CLASS = YES_ERROR;
				CLANG_WARN_RANGE_LOOP_ANALYSIS = YES;
				CLANG_WARN_STRICT_PROTOTYPES = YES;
				CLANG_WARN_SUSPICIOUS_MOVE = YES;
				CLANG_WARN_UNGUARDED_AVAILABILITY = YES_AGGRESSIVE;
				CLANG_WARN_UNREACHABLE_CODE = YES;
				CLANG_WARN__DUPLICATE_METHOD_MATCH = YES;
				CODE_SIGN_IDENTITY = "iPhone Developer";
				COPY_PHASE_STRIP = NO;
				DEBUG_INFORMATION_FORMAT = "dwarf-with-dsym";
				ENABLE_NS_ASSERTIONS = NO;
				ENABLE_STRICT_OBJC_MSGSEND = YES;
				GCC_C_LANGUAGE_STANDARD = gnu11;
				GCC_NO_COMMON_BLOCKS = YES;
				GCC_WARN_64_TO_32_BIT_CONVERSION = YES;
				GCC_WARN_ABOUT_RETURN_TYPE = YES_ERROR;
				GCC_WARN_UNDECLARED_SELECTOR = YES;
				GCC_WARN_UNINITIALIZED_AUTOS = YES_AGGRESSIVE;
				GCC_WARN_UNUSED_FUNCTION = YES;
				GCC_WARN_UNUSED_VARIABLE = YES;
				IPHONEOS_DEPLOYMENT_TARGET = 12.1;
				MTL_ENABLE_DEBUG_INFO = NO;
				MTL_FAST_MATH = YES;
				SDKROOT = iphoneos;
				SWIFT_COMPILATION_MODE = wholemodule;
				SWIFT_OPTIMIZATION_LEVEL = "-O";
				VALIDATE_PRODUCT = YES;
			};
			name = Release;
		};
		7CDBA7462215112700798814 /* Debug */ = {
			isa = XCBuildConfiguration;
			buildSettings = {
				ASSETCATALOG_COMPILER_APPICON_NAME = AppIcon;
				CODE_SIGN_STYLE = Automatic;
				DEVELOPMENT_TEAM = R3RMP5AJVM;
				INFOPLIST_FILE = SimpleTabUI/Info.plist;
				IPHONEOS_DEPLOYMENT_TARGET = 9.3;
				LD_RUNPATH_SEARCH_PATHS = (
					"$(inherited)",
					"@executable_path/Frameworks",
				);
				PRODUCT_BUNDLE_IDENTIFIER = mycSproj.SimpleTabUI;
				PRODUCT_NAME = "$(TARGET_NAME)";
				SWIFT_VERSION = 4.2;
				TARGETED_DEVICE_FAMILY = 1;
			};
			name = Debug;
		};
		7CDBA7472215112700798814 /* Release */ = {
			isa = XCBuildConfiguration;
			buildSettings = {
				ASSETCATALOG_COMPILER_APPICON_NAME = AppIcon;
				CODE_SIGN_STYLE = Automatic;
				DEVELOPMENT_TEAM = R3RMP5AJVM;
				INFOPLIST_FILE = SimpleTabUI/Info.plist;
				IPHONEOS_DEPLOYMENT_TARGET = 9.3;
				LD_RUNPATH_SEARCH_PATHS = (
					"$(inherited)",
					"@executable_path/Frameworks",
				);
				PRODUCT_BUNDLE_IDENTIFIER = mycSproj.SimpleTabUI;
				PRODUCT_NAME = "$(TARGET_NAME)";
				SWIFT_VERSION = 4.2;
				TARGETED_DEVICE_FAMILY = 1;
			};
			name = Release;
		};
		7CDBA7492215112700798814 /* Debug */ = {
			isa = XCBuildConfiguration;
			buildSettings = {
				ALWAYS_EMBED_SWIFT_STANDARD_LIBRARIES = YES;
				BUNDLE_LOADER = "$(TEST_HOST)";
				CODE_SIGN_STYLE = Automatic;
				INFOPLIST_FILE = SimpleTabUITests/Info.plist;
				LD_RUNPATH_SEARCH_PATHS = (
					"$(inherited)",
					"@executable_path/Frameworks",
					"@loader_path/Frameworks",
				);
				PRODUCT_BUNDLE_IDENTIFIER = mycSproj.SimpleTabUITests;
				PRODUCT_NAME = "$(TARGET_NAME)";
				SWIFT_VERSION = 4.2;
				TARGETED_DEVICE_FAMILY = "1,2";
				TEST_HOST = "$(BUILT_PRODUCTS_DIR)/SimpleTabUI.app/SimpleTabUI";
			};
			name = Debug;
		};
		7CDBA74A2215112700798814 /* Release */ = {
			isa = XCBuildConfiguration;
			buildSettings = {
				ALWAYS_EMBED_SWIFT_STANDARD_LIBRARIES = YES;
				BUNDLE_LOADER = "$(TEST_HOST)";
				CODE_SIGN_STYLE = Automatic;
				INFOPLIST_FILE = SimpleTabUITests/Info.plist;
				LD_RUNPATH_SEARCH_PATHS = (
					"$(inherited)",
					"@executable_path/Frameworks",
					"@loader_path/Frameworks",
				);
				PRODUCT_BUNDLE_IDENTIFIER = mycSproj.SimpleTabUITests;
				PRODUCT_NAME = "$(TARGET_NAME)";
				SWIFT_VERSION = 4.2;
				TARGETED_DEVICE_FAMILY = "1,2";
				TEST_HOST = "$(BUILT_PRODUCTS_DIR)/SimpleTabUI.app/SimpleTabUI";
			};
			name = Release;
		};
		7CDBA74C2215112700798814 /* Debug */ = {
			isa = XCBuildConfiguration;
			buildSettings = {
				ALWAYS_EMBED_SWIFT_STANDARD_LIBRARIES = YES;
				CODE_SIGN_STYLE = Automatic;
				INFOPLIST_FILE = SimpleTabUIUITests/Info.plist;
				LD_RUNPATH_SEARCH_PATHS = (
					"$(inherited)",
					"@executable_path/Frameworks",
					"@loader_path/Frameworks",
				);
				PRODUCT_BUNDLE_IDENTIFIER = mycSproj.SimpleTabUIUITests;
				PRODUCT_NAME = "$(TARGET_NAME)";
				SWIFT_VERSION = 4.2;
				TARGETED_DEVICE_FAMILY = "1,2";
				TEST_TARGET_NAME = SimpleTabUI;
			};
			name = Debug;
		};
		7CDBA74D2215112700798814 /* Release */ = {
			isa = XCBuildConfiguration;
			buildSettings = {
				ALWAYS_EMBED_SWIFT_STANDARD_LIBRARIES = YES;
				CODE_SIGN_STYLE = Automatic;
				INFOPLIST_FILE = SimpleTabUIUITests/Info.plist;
				LD_RUNPATH_SEARCH_PATHS = (
					"$(inherited)",
					"@executable_path/Frameworks",
					"@loader_path/Frameworks",
				);
				PRODUCT_BUNDLE_IDENTIFIER = mycSproj.SimpleTabUIUITests;
				PRODUCT_NAME = "$(TARGET_NAME)";
				SWIFT_VERSION = 4.2;
				TARGETED_DEVICE_FAMILY = "1,2";
				TEST_TARGET_NAME = SimpleTabUI;
			};
			name = Release;
		};
/* End XCBuildConfiguration section */

/* Begin XCConfigurationList section */
		7CDBA7162215112400798814 /* Build configuration list for PBXProject "SimpleTabUI" */ = {
			isa = XCConfigurationList;
			buildConfigurations = (
				7CDBA7432215112700798814 /* Debug */,
				7CDBA7442215112700798814 /* Release */,
			);
			defaultConfigurationIsVisible = 0;
			defaultConfigurationName = Release;
		};
		7CDBA7452215112700798814 /* Build configuration list for PBXNativeTarget "SimpleTabUI" */ = {
			isa = XCConfigurationList;
			buildConfigurations = (
				7CDBA7462215112700798814 /* Debug */,
				7CDBA7472215112700798814 /* Release */,
			);
			defaultConfigurationIsVisible = 0;
			defaultConfigurationName = Release;
		};
		7CDBA7482215112700798814 /* Build configuration list for PBXNativeTarget "SimpleTabUITests" */ = {
			isa = XCConfigurationList;
			buildConfigurations = (
				7CDBA7492215112700798814 /* Debug */,
				7CDBA74A2215112700798814 /* Release */,
			);
			defaultConfigurationIsVisible = 0;
			defaultConfigurationName = Release;
		};
		7CDBA74B2215112700798814 /* Build configuration list for PBXNativeTarget "SimpleTabUIUITests" */ = {
			isa = XCConfigurationList;
			buildConfigurations = (
				7CDBA74C2215112700798814 /* Debug */,
				7CDBA74D2215112700798814 /* Release */,
			);
			defaultConfigurationIsVisible = 0;
			defaultConfigurationName = Release;
		};
/* End XCConfigurationList section */
	};
	rootObject = 7CDBA7132215112400798814 /* Project object */;
}
